// !$*UTF8*$!
{
	archiveVersion = 1;
	classes = {
	};
	objectVersion = 50;
	objects = {

/* Begin PBXBuildFile section */
		53CBB59EAA6DA027549B23C0 /* libPods-iOSProject.a in Frameworks */ = {isa = PBXBuildFile; fileRef = 8F0AA7ED93417E5E07455788 /* libPods-iOSProject.a */; };
		7E498830224218ED00FC87A0 /* QDHomeViewController.xib in Resources */ = {isa = PBXBuildFile; fileRef = 7E498832224218ED00FC87A0 /* QDHomeViewController.xib */; };
		7E49884022421EBB00FC87A0 /* InfoPlist.strings in Resources */ = {isa = PBXBuildFile; fileRef = 7E49884222421EBB00FC87A0 /* InfoPlist.strings */; };
		7E49884622421FC200FC87A0 /* Localizable.strings in Resources */ = {isa = PBXBuildFile; fileRef = 7E49884822421FC200FC87A0 /* Localizable.strings */; };
		7E6779A4223F94CA008F3334 /* VideoToolbox.framework in Frameworks */ = {isa = PBXBuildFile; fileRef = 7E6779A3223F94CA008F3334 /* VideoToolbox.framework */; };
		7E6779A6223F94D1008F3334 /* UIKit.framework in Frameworks */ = {isa = PBXBuildFile; fileRef = 7E6779A5223F94D1008F3334 /* UIKit.framework */; };
		7E6779A8223F94D7008F3334 /* QuartzCore.framework in Frameworks */ = {isa = PBXBuildFile; fileRef = 7E6779A7223F94D7008F3334 /* QuartzCore.framework */; };
		7E6779AA223F94E2008F3334 /* OpenGLES.framework in Frameworks */ = {isa = PBXBuildFile; fileRef = 7E6779A9223F94E2008F3334 /* OpenGLES.framework */; };
		7E6779AC223F94EA008F3334 /* MobileCoreServices.framework in Frameworks */ = {isa = PBXBuildFile; fileRef = 7E6779AB223F94EA008F3334 /* MobileCoreServices.framework */; };
		7E6779AE223F94F6008F3334 /* MediaPlayer.framework in Frameworks */ = {isa = PBXBuildFile; fileRef = 7E6779AD223F94F6008F3334 /* MediaPlayer.framework */; };
		7E6779B0223F9500008F3334 /* CoreVideo.framework in Frameworks */ = {isa = PBXBuildFile; fileRef = 7E6779AF223F9500008F3334 /* CoreVideo.framework */; };
		7E6779B2223F9507008F3334 /* CoreMedia.framework in Frameworks */ = {isa = PBXBuildFile; fileRef = 7E6779B1223F9507008F3334 /* CoreMedia.framework */; };
		7E6779B4223F951D008F3334 /* CoreGraphics.framework in Frameworks */ = {isa = PBXBuildFile; fileRef = 7E6779B3223F951D008F3334 /* CoreGraphics.framework */; };
		7E6779B6223F9524008F3334 /* AVFoundation.framework in Frameworks */ = {isa = PBXBuildFile; fileRef = 7E6779B5223F9524008F3334 /* AVFoundation.framework */; };
		7E6779B8223F952C008F3334 /* AudioToolbox.framework in Frameworks */ = {isa = PBXBuildFile; fileRef = 7E6779B7223F952C008F3334 /* AudioToolbox.framework */; };
		7E6779BA223F953C008F3334 /* libbz2.tbd in Frameworks */ = {isa = PBXBuildFile; fileRef = 7E6779B9223F953C008F3334 /* libbz2.tbd */; };
		7E6779BC223F9543008F3334 /* libz.tbd in Frameworks */ = {isa = PBXBuildFile; fileRef = 7E6779BB223F9543008F3334 /* libz.tbd */; };
		7E8E371F225A5C0B007EC2F4 /* QDNews4TableViewCell.m in Sources */ = {isa = PBXBuildFile; fileRef = 7E8E371A225A5C0A007EC2F4 /* QDNews4TableViewCell.m */; };
		7E8E3720225A5C0B007EC2F4 /* QDNews3TableViewCell.xib in Resources */ = {isa = PBXBuildFile; fileRef = 7E8E371B225A5C0A007EC2F4 /* QDNews3TableViewCell.xib */; };
		7E8E3721225A5C0B007EC2F4 /* QDNews4TableViewCell.xib in Resources */ = {isa = PBXBuildFile; fileRef = 7E8E371C225A5C0A007EC2F4 /* QDNews4TableViewCell.xib */; };
		7E8E3722225A5C0B007EC2F4 /* QDNews3TableViewCell.m in Sources */ = {isa = PBXBuildFile; fileRef = 7E8E371E225A5C0B007EC2F4 /* QDNews3TableViewCell.m */; };
		7EB809792259D6F900C4629F /* QDSelectedView.m in Sources */ = {isa = PBXBuildFile; fileRef = 7EB809772259D6F900C4629F /* QDSelectedView.m */; };
		7EB8097C2259D71C00C4629F /* QDBaseView.m in Sources */ = {isa = PBXBuildFile; fileRef = 7EB8097A2259D71C00C4629F /* QDBaseView.m */; };
		7EB8098E225A355500C4629F /* QDNews1TableViewCell.m in Sources */ = {isa = PBXBuildFile; fileRef = 7EB8098B225A355500C4629F /* QDNews1TableViewCell.m */; };
		7EB8098F225A355500C4629F /* QDNews1TableViewCell.xib in Resources */ = {isa = PBXBuildFile; fileRef = 7EB8098C225A355500C4629F /* QDNews1TableViewCell.xib */; };
		7EB8099C225A464C00C4629F /* QDNews2TableViewCell.xib in Resources */ = {isa = PBXBuildFile; fileRef = 7EB80999225A464C00C4629F /* QDNews2TableViewCell.xib */; };
		7EB8099D225A464C00C4629F /* QDNews2TableViewCell.m in Sources */ = {isa = PBXBuildFile; fileRef = 7EB8099A225A464C00C4629F /* QDNews2TableViewCell.m */; };
		7EB809A1225A465700C4629F /* QDDateSelectedView.m in Sources */ = {isa = PBXBuildFile; fileRef = 7EB8099F225A465700C4629F /* QDDateSelectedView.m */; };
		7EE5DA6B228332A4008C4100 /* QDHomeRow0TableViewCell.m in Sources */ = {isa = PBXBuildFile; fileRef = 7EE5DA69228332A4008C4100 /* QDHomeRow0TableViewCell.m */; };
		7EE5DA6C228332A4008C4100 /* QDHomeRow0TableViewCell.xib in Resources */ = {isa = PBXBuildFile; fileRef = 7EE5DA6A228332A4008C4100 /* QDHomeRow0TableViewCell.xib */; };
		7EE5DA7022833E97008C4100 /* QDHomeRow1TableViewCell.m in Sources */ = {isa = PBXBuildFile; fileRef = 7EE5DA6E22833E97008C4100 /* QDHomeRow1TableViewCell.m */; };
		7EE5DA7122833E97008C4100 /* QDHomeRow1TableViewCell.xib in Resources */ = {isa = PBXBuildFile; fileRef = 7EE5DA6F22833E97008C4100 /* QDHomeRow1TableViewCell.xib */; };
		7EE5DA75228344CD008C4100 /* QDHomeRow2TableViewCell.m in Sources */ = {isa = PBXBuildFile; fileRef = 7EE5DA73228344CD008C4100 /* QDHomeRow2TableViewCell.m */; };
		7EE5DA76228344CD008C4100 /* QDHomeRow2TableViewCell.xib in Resources */ = {isa = PBXBuildFile; fileRef = 7EE5DA74228344CD008C4100 /* QDHomeRow2TableViewCell.xib */; };
		7EEAA0AB224B5F9A009B6617 /* QDLoginMainViewController.m in Sources */ = {isa = PBXBuildFile; fileRef = 7EEAA0A9224B5F9A009B6617 /* QDLoginMainViewController.m */; };
		7EEAA0AC224B5F9A009B6617 /* QDLoginMainViewController.xib in Resources */ = {isa = PBXBuildFile; fileRef = 7EEAA0AA224B5F9A009B6617 /* QDLoginMainViewController.xib */; };
		7EEAA0B1224B5FF1009B6617 /* QDPushRouteHelper.m in Sources */ = {isa = PBXBuildFile; fileRef = 7EEAA0B0224B5FF1009B6617 /* QDPushRouteHelper.m */; };
		7EEAA0B6224B604B009B6617 /* QDBaseWebViewViewController.m in Sources */ = {isa = PBXBuildFile; fileRef = 7EEAA0B4224B604B009B6617 /* QDBaseWebViewViewController.m */; };
		7EEAA0B7224B604B009B6617 /* QDBaseWebViewViewController.xib in Resources */ = {isa = PBXBuildFile; fileRef = 7EEAA0B5224B604B009B6617 /* QDBaseWebViewViewController.xib */; };
		7EEAA0BC224B684F009B6617 /* QDBaseTableViewCell.m in Sources */ = {isa = PBXBuildFile; fileRef = 7EEAA0BA224B684F009B6617 /* QDBaseTableViewCell.m */; };
		7EEAA0BD224B684F009B6617 /* QDBaseTableViewCell.xib in Resources */ = {isa = PBXBuildFile; fileRef = 7EEAA0BB224B684F009B6617 /* QDBaseTableViewCell.xib */; };
		7EEAA0C1224B686A009B6617 /* QDBaseModel.m in Sources */ = {isa = PBXBuildFile; fileRef = 7EEAA0C0224B686A009B6617 /* QDBaseModel.m */; };
		7EEAA0D6224C6A9B009B6617 /* QDADViewController.m in Sources */ = {isa = PBXBuildFile; fileRef = 7EEAA0D0224C6A9B009B6617 /* QDADViewController.m */; };
		7EEAA0D7224C6A9B009B6617 /* QDADViewController.xib in Resources */ = {isa = PBXBuildFile; fileRef = 7EEAA0D1224C6A9B009B6617 /* QDADViewController.xib */; };
		7EEAA0D8224C6A9B009B6617 /* QDGuideViewController.xib in Resources */ = {isa = PBXBuildFile; fileRef = 7EEAA0D4224C6A9B009B6617 /* QDGuideViewController.xib */; };
		7EEAA0D9224C6A9B009B6617 /* QDGuideViewController.m in Sources */ = {isa = PBXBuildFile; fileRef = 7EEAA0D5224C6A9B009B6617 /* QDGuideViewController.m */; };
		7EEAA0DC224C7AAF009B6617 /* QDUserDefault.m in Sources */ = {isa = PBXBuildFile; fileRef = 7EEAA0DB224C7AAF009B6617 /* QDUserDefault.m */; };
		7EF55C902265850D00641954 /* QDMessageMainViewController.m in Sources */ = {isa = PBXBuildFile; fileRef = 7EF55C8E2265850D00641954 /* QDMessageMainViewController.m */; };
		7EF55C912265850D00641954 /* QDMessageMainViewController.xib in Resources */ = {isa = PBXBuildFile; fileRef = 7EF55C8F2265850D00641954 /* QDMessageMainViewController.xib */; };
		7EF55C9B2265B71000641954 /* QDOptionalMainViewController.m in Sources */ = {isa = PBXBuildFile; fileRef = 7EF55C992265B71000641954 /* QDOptionalMainViewController.m */; };
		7EF55C9C2265B71000641954 /* QDOptionalMainViewController.xib in Resources */ = {isa = PBXBuildFile; fileRef = 7EF55C9A2265B71000641954 /* QDOptionalMainViewController.xib */; };
		7EF55CA02265B71E00641954 /* QDDealMainViewController.m in Sources */ = {isa = PBXBuildFile; fileRef = 7EF55C9E2265B71E00641954 /* QDDealMainViewController.m */; };
		7EF55CA12265B71E00641954 /* QDDealMainViewController.xib in Resources */ = {isa = PBXBuildFile; fileRef = 7EF55C9F2265B71E00641954 /* QDDealMainViewController.xib */; };
		7EF55CA52265B72E00641954 /* QDNewsMainViewController.m in Sources */ = {isa = PBXBuildFile; fileRef = 7EF55CA32265B72E00641954 /* QDNewsMainViewController.m */; };
		7EF55CA62265B72E00641954 /* QDNewsMainViewController.xib in Resources */ = {isa = PBXBuildFile; fileRef = 7EF55CA42265B72E00641954 /* QDNewsMainViewController.xib */; };
		7EF55CA82265BA9A00641954 /* Assets.xcassets in Resources */ = {isa = PBXBuildFile; fileRef = 7EF55CA72265BA9A00641954 /* Assets.xcassets */; };
		7EF6BA832238F44E000C5D64 /* AppDelegate.m in Sources */ = {isa = PBXBuildFile; fileRef = 7EF6BA822238F44E000C5D64 /* AppDelegate.m */; };
		7EF6BA8C2238F44E000C5D64 /* iOSProject.xcdatamodeld in Sources */ = {isa = PBXBuildFile; fileRef = 7EF6BA8A2238F44E000C5D64 /* iOSProject.xcdatamodeld */; };
		7EF6BA912238F44F000C5D64 /* LaunchScreen.storyboard in Resources */ = {isa = PBXBuildFile; fileRef = 7EF6BA8F2238F44F000C5D64 /* LaunchScreen.storyboard */; };
		7EF6BA942238F44F000C5D64 /* main.m in Sources */ = {isa = PBXBuildFile; fileRef = 7EF6BA932238F44F000C5D64 /* main.m */; };
		7EF6BA9E2238F44F000C5D64 /* iOSProjectTests.m in Sources */ = {isa = PBXBuildFile; fileRef = 7EF6BA9D2238F44F000C5D64 /* iOSProjectTests.m */; };
		7EF6BAA92238F44F000C5D64 /* iOSProjectUITests.m in Sources */ = {isa = PBXBuildFile; fileRef = 7EF6BAA82238F44F000C5D64 /* iOSProjectUITests.m */; };
		7EF6BAC8223906CB000C5D64 /* QDBaseViewController.m in Sources */ = {isa = PBXBuildFile; fileRef = 7EF6BAC7223906CB000C5D64 /* QDBaseViewController.m */; };
		7EF6BACB223906ED000C5D64 /* QDBaseNavViewController.m in Sources */ = {isa = PBXBuildFile; fileRef = 7EF6BACA223906ED000C5D64 /* QDBaseNavViewController.m */; };
		7EF6BACF22390712000C5D64 /* QDHomeViewController.m in Sources */ = {isa = PBXBuildFile; fileRef = 7EF6BACD22390712000C5D64 /* QDHomeViewController.m */; };
		7EF6BAD92239072E000C5D64 /* QDMineViewController.m in Sources */ = {isa = PBXBuildFile; fileRef = 7EF6BAD72239072E000C5D64 /* QDMineViewController.m */; };
		7EF6BADA2239072E000C5D64 /* QDMineViewController.xib in Resources */ = {isa = PBXBuildFile; fileRef = 7EF6BAD82239072E000C5D64 /* QDMineViewController.xib */; };
		7EF6BAE122390806000C5D64 /* QDTabBarViewController.m in Sources */ = {isa = PBXBuildFile; fileRef = 7EF6BAE022390806000C5D64 /* QDTabBarViewController.m */; };
		7EF6BAE72239212F000C5D64 /* UIImage+QDExtension.m in Sources */ = {isa = PBXBuildFile; fileRef = 7EF6BAE62239212F000C5D64 /* UIImage+QDExtension.m */; };
		7EF6BAEA223922AA000C5D64 /* UIColor+QDExtension.m in Sources */ = {isa = PBXBuildFile; fileRef = 7EF6BAE9223922AA000C5D64 /* UIColor+QDExtension.m */; };
		7EF6BAED22392501000C5D64 /* UIView+QDExtension.m in Sources */ = {isa = PBXBuildFile; fileRef = 7EF6BAEC22392501000C5D64 /* UIView+QDExtension.m */; };
		7EF6BAF0223925E8000C5D64 /* NSString+QDExtension.m in Sources */ = {isa = PBXBuildFile; fileRef = 7EF6BAEF223925E8000C5D64 /* NSString+QDExtension.m */; };
		7EF6BAF322394BFE000C5D64 /* CommonTools.m in Sources */ = {isa = PBXBuildFile; fileRef = 7EF6BAF222394BFE000C5D64 /* CommonTools.m */; };
		7EF6BAF8223952EE000C5D64 /* MBProgressHUD+QDExtension.m in Sources */ = {isa = PBXBuildFile; fileRef = 7EF6BAF7223952EE000C5D64 /* MBProgressHUD+QDExtension.m */; };
		7EF6BAFB223A802B000C5D64 /* NSDictionary+QDExtension.m in Sources */ = {isa = PBXBuildFile; fileRef = 7EF6BAFA223A802B000C5D64 /* NSDictionary+QDExtension.m */; };
		7EF6BAFE223A882D000C5D64 /* UITextView+QDExtension.m in Sources */ = {isa = PBXBuildFile; fileRef = 7EF6BAFD223A882D000C5D64 /* UITextView+QDExtension.m */; };
		7EF6BB01223A8A48000C5D64 /* UITextField+QDExtension.m in Sources */ = {isa = PBXBuildFile; fileRef = 7EF6BB00223A8A48000C5D64 /* UITextField+QDExtension.m */; };
		7EF6BB04223A8AD6000C5D64 /* UIButton+QDExtension.m in Sources */ = {isa = PBXBuildFile; fileRef = 7EF6BB03223A8AD6000C5D64 /* UIButton+QDExtension.m */; };
		7EF6BB07223B4FD9000C5D64 /* QDCountDownButton.m in Sources */ = {isa = PBXBuildFile; fileRef = 7EF6BB06223B4FD9000C5D64 /* QDCountDownButton.m */; };
		7EF6BB0B223B512C000C5D64 /* QDBaseSever.m in Sources */ = {isa = PBXBuildFile; fileRef = 7EF6BB0A223B512C000C5D64 /* QDBaseSever.m */; };
		7EF6BB0F223B591F000C5D64 /* QDSeverManager.m in Sources */ = {isa = PBXBuildFile; fileRef = 7EF6BB0E223B591F000C5D64 /* QDSeverManager.m */; };
/* End PBXBuildFile section */

/* Begin PBXContainerItemProxy section */
		7EF6BA9A2238F44F000C5D64 /* PBXContainerItemProxy */ = {
			isa = PBXContainerItemProxy;
			containerPortal = 7EF6BA762238F44E000C5D64 /* Project object */;
			proxyType = 1;
			remoteGlobalIDString = 7EF6BA7D2238F44E000C5D64;
			remoteInfo = iOSProject;
		};
		7EF6BAA52238F44F000C5D64 /* PBXContainerItemProxy */ = {
			isa = PBXContainerItemProxy;
			containerPortal = 7EF6BA762238F44E000C5D64 /* Project object */;
			proxyType = 1;
			remoteGlobalIDString = 7EF6BA7D2238F44E000C5D64;
			remoteInfo = iOSProject;
		};
/* End PBXContainerItemProxy section */

/* Begin PBXFileReference section */
		3596FB00105EEC2C8FFC4575 /* Pods-iOSProject.debug.xcconfig */ = {isa = PBXFileReference; includeInIndex = 1; lastKnownFileType = text.xcconfig; name = "Pods-iOSProject.debug.xcconfig"; path = "Pods/Target Support Files/Pods-iOSProject/Pods-iOSProject.debug.xcconfig"; sourceTree = "<group>"; };
		4708E70422855E45D239AE8C /* Pods-iOSProject.release.xcconfig */ = {isa = PBXFileReference; includeInIndex = 1; lastKnownFileType = text.xcconfig; name = "Pods-iOSProject.release.xcconfig"; path = "Pods/Target Support Files/Pods-iOSProject/Pods-iOSProject.release.xcconfig"; sourceTree = "<group>"; };
		7E498831224218ED00FC87A0 /* Base */ = {isa = PBXFileReference; lastKnownFileType = file.xib; name = Base; path = Base.lproj/QDHomeViewController.xib; sourceTree = "<group>"; };
		7E49883A22421E6500FC87A0 /* en */ = {isa = PBXFileReference; lastKnownFileType = text.plist.strings; name = en; path = en.lproj/QDHomeViewController.strings; sourceTree = "<group>"; };
		7E49883B22421E6500FC87A0 /* en */ = {isa = PBXFileReference; lastKnownFileType = text.plist.strings; name = en; path = en.lproj/LaunchScreen.strings; sourceTree = "<group>"; };
		7E49883E22421EA900FC87A0 /* zh-Hans */ = {isa = PBXFileReference; lastKnownFileType = text.plist.strings; name = "zh-Hans"; path = "zh-Hans.lproj/QDHomeViewController.strings"; sourceTree = "<group>"; };
		7E49883F22421EAA00FC87A0 /* zh-Hans */ = {isa = PBXFileReference; lastKnownFileType = text.plist.strings; name = "zh-Hans"; path = "zh-Hans.lproj/LaunchScreen.strings"; sourceTree = "<group>"; };
		7E49884122421EBB00FC87A0 /* zh-Hans */ = {isa = PBXFileReference; lastKnownFileType = text.plist.strings; name = "zh-Hans"; path = "zh-Hans.lproj/InfoPlist.strings"; sourceTree = "<group>"; };
		7E49884322421EBE00FC87A0 /* en */ = {isa = PBXFileReference; lastKnownFileType = text.plist.strings; name = en; path = en.lproj/InfoPlist.strings; sourceTree = "<group>"; };
		7E49884722421FC200FC87A0 /* zh-Hans */ = {isa = PBXFileReference; lastKnownFileType = text.plist.strings; name = "zh-Hans"; path = "zh-Hans.lproj/Localizable.strings"; sourceTree = "<group>"; };
		7E49884922421FC300FC87A0 /* en */ = {isa = PBXFileReference; lastKnownFileType = text.plist.strings; name = en; path = en.lproj/Localizable.strings; sourceTree = "<group>"; };
		7E6779A3223F94CA008F3334 /* VideoToolbox.framework */ = {isa = PBXFileReference; lastKnownFileType = wrapper.framework; name = VideoToolbox.framework; path = System/Library/Frameworks/VideoToolbox.framework; sourceTree = SDKROOT; };
		7E6779A5223F94D1008F3334 /* UIKit.framework */ = {isa = PBXFileReference; lastKnownFileType = wrapper.framework; name = UIKit.framework; path = System/Library/Frameworks/UIKit.framework; sourceTree = SDKROOT; };
		7E6779A7223F94D7008F3334 /* QuartzCore.framework */ = {isa = PBXFileReference; lastKnownFileType = wrapper.framework; name = QuartzCore.framework; path = System/Library/Frameworks/QuartzCore.framework; sourceTree = SDKROOT; };
		7E6779A9223F94E2008F3334 /* OpenGLES.framework */ = {isa = PBXFileReference; lastKnownFileType = wrapper.framework; name = OpenGLES.framework; path = System/Library/Frameworks/OpenGLES.framework; sourceTree = SDKROOT; };
		7E6779AB223F94EA008F3334 /* MobileCoreServices.framework */ = {isa = PBXFileReference; lastKnownFileType = wrapper.framework; name = MobileCoreServices.framework; path = System/Library/Frameworks/MobileCoreServices.framework; sourceTree = SDKROOT; };
		7E6779AD223F94F6008F3334 /* MediaPlayer.framework */ = {isa = PBXFileReference; lastKnownFileType = wrapper.framework; name = MediaPlayer.framework; path = System/Library/Frameworks/MediaPlayer.framework; sourceTree = SDKROOT; };
		7E6779AF223F9500008F3334 /* CoreVideo.framework */ = {isa = PBXFileReference; lastKnownFileType = wrapper.framework; name = CoreVideo.framework; path = System/Library/Frameworks/CoreVideo.framework; sourceTree = SDKROOT; };
		7E6779B1223F9507008F3334 /* CoreMedia.framework */ = {isa = PBXFileReference; lastKnownFileType = wrapper.framework; name = CoreMedia.framework; path = System/Library/Frameworks/CoreMedia.framework; sourceTree = SDKROOT; };
		7E6779B3223F951D008F3334 /* CoreGraphics.framework */ = {isa = PBXFileReference; lastKnownFileType = wrapper.framework; name = CoreGraphics.framework; path = System/Library/Frameworks/CoreGraphics.framework; sourceTree = SDKROOT; };
		7E6779B5223F9524008F3334 /* AVFoundation.framework */ = {isa = PBXFileReference; lastKnownFileType = wrapper.framework; name = AVFoundation.framework; path = System/Library/Frameworks/AVFoundation.framework; sourceTree = SDKROOT; };
		7E6779B7223F952C008F3334 /* AudioToolbox.framework */ = {isa = PBXFileReference; lastKnownFileType = wrapper.framework; name = AudioToolbox.framework; path = System/Library/Frameworks/AudioToolbox.framework; sourceTree = SDKROOT; };
		7E6779B9223F953C008F3334 /* libbz2.tbd */ = {isa = PBXFileReference; lastKnownFileType = "sourcecode.text-based-dylib-definition"; name = libbz2.tbd; path = usr/lib/libbz2.tbd; sourceTree = SDKROOT; };
		7E6779BB223F9543008F3334 /* libz.tbd */ = {isa = PBXFileReference; lastKnownFileType = "sourcecode.text-based-dylib-definition"; name = libz.tbd; path = usr/lib/libz.tbd; sourceTree = SDKROOT; };
		7E8E3719225A5C0A007EC2F4 /* QDNews4TableViewCell.h */ = {isa = PBXFileReference; fileEncoding = 4; lastKnownFileType = sourcecode.c.h; path = QDNews4TableViewCell.h; sourceTree = "<group>"; };
		7E8E371A225A5C0A007EC2F4 /* QDNews4TableViewCell.m */ = {isa = PBXFileReference; fileEncoding = 4; lastKnownFileType = sourcecode.c.objc; path = QDNews4TableViewCell.m; sourceTree = "<group>"; };
		7E8E371B225A5C0A007EC2F4 /* QDNews3TableViewCell.xib */ = {isa = PBXFileReference; fileEncoding = 4; lastKnownFileType = file.xib; path = QDNews3TableViewCell.xib; sourceTree = "<group>"; };
		7E8E371C225A5C0A007EC2F4 /* QDNews4TableViewCell.xib */ = {isa = PBXFileReference; fileEncoding = 4; lastKnownFileType = file.xib; path = QDNews4TableViewCell.xib; sourceTree = "<group>"; };
		7E8E371D225A5C0A007EC2F4 /* QDNews3TableViewCell.h */ = {isa = PBXFileReference; fileEncoding = 4; lastKnownFileType = sourcecode.c.h; path = QDNews3TableViewCell.h; sourceTree = "<group>"; };
		7E8E371E225A5C0B007EC2F4 /* QDNews3TableViewCell.m */ = {isa = PBXFileReference; fileEncoding = 4; lastKnownFileType = sourcecode.c.objc; path = QDNews3TableViewCell.m; sourceTree = "<group>"; };
		7EB809772259D6F900C4629F /* QDSelectedView.m */ = {isa = PBXFileReference; fileEncoding = 4; lastKnownFileType = sourcecode.c.objc; path = QDSelectedView.m; sourceTree = "<group>"; };
		7EB809782259D6F900C4629F /* QDSelectedView.h */ = {isa = PBXFileReference; fileEncoding = 4; lastKnownFileType = sourcecode.c.h; path = QDSelectedView.h; sourceTree = "<group>"; };
		7EB8097A2259D71C00C4629F /* QDBaseView.m */ = {isa = PBXFileReference; fileEncoding = 4; lastKnownFileType = sourcecode.c.objc; path = QDBaseView.m; sourceTree = "<group>"; };
		7EB8097B2259D71C00C4629F /* QDBaseView.h */ = {isa = PBXFileReference; fileEncoding = 4; lastKnownFileType = sourcecode.c.h; path = QDBaseView.h; sourceTree = "<group>"; };
		7EB8098B225A355500C4629F /* QDNews1TableViewCell.m */ = {isa = PBXFileReference; fileEncoding = 4; lastKnownFileType = sourcecode.c.objc; path = QDNews1TableViewCell.m; sourceTree = "<group>"; };
		7EB8098C225A355500C4629F /* QDNews1TableViewCell.xib */ = {isa = PBXFileReference; fileEncoding = 4; lastKnownFileType = file.xib; path = QDNews1TableViewCell.xib; sourceTree = "<group>"; };
		7EB8098D225A355500C4629F /* QDNews1TableViewCell.h */ = {isa = PBXFileReference; fileEncoding = 4; lastKnownFileType = sourcecode.c.h; path = QDNews1TableViewCell.h; sourceTree = "<group>"; };
		7EB80999225A464C00C4629F /* QDNews2TableViewCell.xib */ = {isa = PBXFileReference; fileEncoding = 4; lastKnownFileType = file.xib; path = QDNews2TableViewCell.xib; sourceTree = "<group>"; };
		7EB8099A225A464C00C4629F /* QDNews2TableViewCell.m */ = {isa = PBXFileReference; fileEncoding = 4; lastKnownFileType = sourcecode.c.objc; path = QDNews2TableViewCell.m; sourceTree = "<group>"; };
		7EB8099B225A464C00C4629F /* QDNews2TableViewCell.h */ = {isa = PBXFileReference; fileEncoding = 4; lastKnownFileType = sourcecode.c.h; path = QDNews2TableViewCell.h; sourceTree = "<group>"; };
		7EB8099F225A465700C4629F /* QDDateSelectedView.m */ = {isa = PBXFileReference; fileEncoding = 4; lastKnownFileType = sourcecode.c.objc; path = QDDateSelectedView.m; sourceTree = "<group>"; };
		7EB809A0225A465700C4629F /* QDDateSelectedView.h */ = {isa = PBXFileReference; fileEncoding = 4; lastKnownFileType = sourcecode.c.h; path = QDDateSelectedView.h; sourceTree = "<group>"; };
		7EE5DA68228332A4008C4100 /* QDHomeRow0TableViewCell.h */ = {isa = PBXFileReference; lastKnownFileType = sourcecode.c.h; path = QDHomeRow0TableViewCell.h; sourceTree = "<group>"; };
		7EE5DA69228332A4008C4100 /* QDHomeRow0TableViewCell.m */ = {isa = PBXFileReference; lastKnownFileType = sourcecode.c.objc; path = QDHomeRow0TableViewCell.m; sourceTree = "<group>"; };
		7EE5DA6A228332A4008C4100 /* QDHomeRow0TableViewCell.xib */ = {isa = PBXFileReference; lastKnownFileType = file.xib; path = QDHomeRow0TableViewCell.xib; sourceTree = "<group>"; };
		7EE5DA6D22833E97008C4100 /* QDHomeRow1TableViewCell.h */ = {isa = PBXFileReference; lastKnownFileType = sourcecode.c.h; path = QDHomeRow1TableViewCell.h; sourceTree = "<group>"; };
		7EE5DA6E22833E97008C4100 /* QDHomeRow1TableViewCell.m */ = {isa = PBXFileReference; lastKnownFileType = sourcecode.c.objc; path = QDHomeRow1TableViewCell.m; sourceTree = "<group>"; };
		7EE5DA6F22833E97008C4100 /* QDHomeRow1TableViewCell.xib */ = {isa = PBXFileReference; lastKnownFileType = file.xib; path = QDHomeRow1TableViewCell.xib; sourceTree = "<group>"; };
		7EE5DA72228344CD008C4100 /* QDHomeRow2TableViewCell.h */ = {isa = PBXFileReference; lastKnownFileType = sourcecode.c.h; path = QDHomeRow2TableViewCell.h; sourceTree = "<group>"; };
		7EE5DA73228344CD008C4100 /* QDHomeRow2TableViewCell.m */ = {isa = PBXFileReference; lastKnownFileType = sourcecode.c.objc; path = QDHomeRow2TableViewCell.m; sourceTree = "<group>"; };
		7EE5DA74228344CD008C4100 /* QDHomeRow2TableViewCell.xib */ = {isa = PBXFileReference; lastKnownFileType = file.xib; path = QDHomeRow2TableViewCell.xib; sourceTree = "<group>"; };
		7EEAA0A8224B5F9A009B6617 /* QDLoginMainViewController.h */ = {isa = PBXFileReference; lastKnownFileType = sourcecode.c.h; path = QDLoginMainViewController.h; sourceTree = "<group>"; };
		7EEAA0A9224B5F9A009B6617 /* QDLoginMainViewController.m */ = {isa = PBXFileReference; lastKnownFileType = sourcecode.c.objc; path = QDLoginMainViewController.m; sourceTree = "<group>"; };
		7EEAA0AA224B5F9A009B6617 /* QDLoginMainViewController.xib */ = {isa = PBXFileReference; lastKnownFileType = file.xib; path = QDLoginMainViewController.xib; sourceTree = "<group>"; };
		7EEAA0AF224B5FF1009B6617 /* QDPushRouteHelper.h */ = {isa = PBXFileReference; lastKnownFileType = sourcecode.c.h; path = QDPushRouteHelper.h; sourceTree = "<group>"; };
		7EEAA0B0224B5FF1009B6617 /* QDPushRouteHelper.m */ = {isa = PBXFileReference; lastKnownFileType = sourcecode.c.objc; path = QDPushRouteHelper.m; sourceTree = "<group>"; };
		7EEAA0B3224B604B009B6617 /* QDBaseWebViewViewController.h */ = {isa = PBXFileReference; lastKnownFileType = sourcecode.c.h; path = QDBaseWebViewViewController.h; sourceTree = "<group>"; };
		7EEAA0B4224B604B009B6617 /* QDBaseWebViewViewController.m */ = {isa = PBXFileReference; lastKnownFileType = sourcecode.c.objc; path = QDBaseWebViewViewController.m; sourceTree = "<group>"; };
		7EEAA0B5224B604B009B6617 /* QDBaseWebViewViewController.xib */ = {isa = PBXFileReference; lastKnownFileType = file.xib; path = QDBaseWebViewViewController.xib; sourceTree = "<group>"; };
		7EEAA0B9224B684F009B6617 /* QDBaseTableViewCell.h */ = {isa = PBXFileReference; lastKnownFileType = sourcecode.c.h; path = QDBaseTableViewCell.h; sourceTree = "<group>"; };
		7EEAA0BA224B684F009B6617 /* QDBaseTableViewCell.m */ = {isa = PBXFileReference; lastKnownFileType = sourcecode.c.objc; path = QDBaseTableViewCell.m; sourceTree = "<group>"; };
		7EEAA0BB224B684F009B6617 /* QDBaseTableViewCell.xib */ = {isa = PBXFileReference; lastKnownFileType = file.xib; path = QDBaseTableViewCell.xib; sourceTree = "<group>"; };
		7EEAA0BF224B686A009B6617 /* QDBaseModel.h */ = {isa = PBXFileReference; lastKnownFileType = sourcecode.c.h; path = QDBaseModel.h; sourceTree = "<group>"; };
		7EEAA0C0224B686A009B6617 /* QDBaseModel.m */ = {isa = PBXFileReference; lastKnownFileType = sourcecode.c.objc; path = QDBaseModel.m; sourceTree = "<group>"; };
		7EEAA0D0224C6A9B009B6617 /* QDADViewController.m */ = {isa = PBXFileReference; fileEncoding = 4; lastKnownFileType = sourcecode.c.objc; path = QDADViewController.m; sourceTree = "<group>"; };
		7EEAA0D1224C6A9B009B6617 /* QDADViewController.xib */ = {isa = PBXFileReference; fileEncoding = 4; lastKnownFileType = file.xib; path = QDADViewController.xib; sourceTree = "<group>"; };
		7EEAA0D2224C6A9B009B6617 /* QDGuideViewController.h */ = {isa = PBXFileReference; fileEncoding = 4; lastKnownFileType = sourcecode.c.h; path = QDGuideViewController.h; sourceTree = "<group>"; };
		7EEAA0D3224C6A9B009B6617 /* QDADViewController.h */ = {isa = PBXFileReference; fileEncoding = 4; lastKnownFileType = sourcecode.c.h; path = QDADViewController.h; sourceTree = "<group>"; };
		7EEAA0D4224C6A9B009B6617 /* QDGuideViewController.xib */ = {isa = PBXFileReference; fileEncoding = 4; lastKnownFileType = file.xib; path = QDGuideViewController.xib; sourceTree = "<group>"; };
		7EEAA0D5224C6A9B009B6617 /* QDGuideViewController.m */ = {isa = PBXFileReference; fileEncoding = 4; lastKnownFileType = sourcecode.c.objc; path = QDGuideViewController.m; sourceTree = "<group>"; };
		7EEAA0DA224C7AAF009B6617 /* QDUserDefault.h */ = {isa = PBXFileReference; lastKnownFileType = sourcecode.c.h; path = QDUserDefault.h; sourceTree = "<group>"; };
		7EEAA0DB224C7AAF009B6617 /* QDUserDefault.m */ = {isa = PBXFileReference; lastKnownFileType = sourcecode.c.objc; path = QDUserDefault.m; sourceTree = "<group>"; };
		7EF55C8D2265850D00641954 /* QDMessageMainViewController.h */ = {isa = PBXFileReference; lastKnownFileType = sourcecode.c.h; path = QDMessageMainViewController.h; sourceTree = "<group>"; };
		7EF55C8E2265850D00641954 /* QDMessageMainViewController.m */ = {isa = PBXFileReference; lastKnownFileType = sourcecode.c.objc; path = QDMessageMainViewController.m; sourceTree = "<group>"; };
		7EF55C8F2265850D00641954 /* QDMessageMainViewController.xib */ = {isa = PBXFileReference; lastKnownFileType = file.xib; path = QDMessageMainViewController.xib; sourceTree = "<group>"; };
		7EF55C982265B71000641954 /* QDOptionalMainViewController.h */ = {isa = PBXFileReference; lastKnownFileType = sourcecode.c.h; path = QDOptionalMainViewController.h; sourceTree = "<group>"; };
		7EF55C992265B71000641954 /* QDOptionalMainViewController.m */ = {isa = PBXFileReference; lastKnownFileType = sourcecode.c.objc; path = QDOptionalMainViewController.m; sourceTree = "<group>"; };
		7EF55C9A2265B71000641954 /* QDOptionalMainViewController.xib */ = {isa = PBXFileReference; lastKnownFileType = file.xib; path = QDOptionalMainViewController.xib; sourceTree = "<group>"; };
		7EF55C9D2265B71E00641954 /* QDDealMainViewController.h */ = {isa = PBXFileReference; lastKnownFileType = sourcecode.c.h; path = QDDealMainViewController.h; sourceTree = "<group>"; };
		7EF55C9E2265B71E00641954 /* QDDealMainViewController.m */ = {isa = PBXFileReference; lastKnownFileType = sourcecode.c.objc; path = QDDealMainViewController.m; sourceTree = "<group>"; };
		7EF55C9F2265B71E00641954 /* QDDealMainViewController.xib */ = {isa = PBXFileReference; lastKnownFileType = file.xib; path = QDDealMainViewController.xib; sourceTree = "<group>"; };
		7EF55CA22265B72E00641954 /* QDNewsMainViewController.h */ = {isa = PBXFileReference; lastKnownFileType = sourcecode.c.h; path = QDNewsMainViewController.h; sourceTree = "<group>"; };
		7EF55CA32265B72E00641954 /* QDNewsMainViewController.m */ = {isa = PBXFileReference; lastKnownFileType = sourcecode.c.objc; path = QDNewsMainViewController.m; sourceTree = "<group>"; };
		7EF55CA42265B72E00641954 /* QDNewsMainViewController.xib */ = {isa = PBXFileReference; lastKnownFileType = file.xib; path = QDNewsMainViewController.xib; sourceTree = "<group>"; };
		7EF55CA72265BA9A00641954 /* Assets.xcassets */ = {isa = PBXFileReference; lastKnownFileType = folder.assetcatalog; path = Assets.xcassets; sourceTree = "<group>"; };
		7EF6BA7E2238F44E000C5D64 /* iOSProject.app */ = {isa = PBXFileReference; explicitFileType = wrapper.application; includeInIndex = 0; path = iOSProject.app; sourceTree = BUILT_PRODUCTS_DIR; };
		7EF6BA812238F44E000C5D64 /* AppDelegate.h */ = {isa = PBXFileReference; lastKnownFileType = sourcecode.c.h; path = AppDelegate.h; sourceTree = "<group>"; };
		7EF6BA822238F44E000C5D64 /* AppDelegate.m */ = {isa = PBXFileReference; lastKnownFileType = sourcecode.c.objc; path = AppDelegate.m; sourceTree = "<group>"; };
		7EF6BA8B2238F44E000C5D64 /* iOSProject.xcdatamodel */ = {isa = PBXFileReference; lastKnownFileType = wrapper.xcdatamodel; path = iOSProject.xcdatamodel; sourceTree = "<group>"; };
		7EF6BA902238F44F000C5D64 /* Base */ = {isa = PBXFileReference; lastKnownFileType = file.storyboard; name = Base; path = Base.lproj/LaunchScreen.storyboard; sourceTree = "<group>"; };
		7EF6BA922238F44F000C5D64 /* Info.plist */ = {isa = PBXFileReference; lastKnownFileType = text.plist.xml; path = Info.plist; sourceTree = "<group>"; };
		7EF6BA932238F44F000C5D64 /* main.m */ = {isa = PBXFileReference; lastKnownFileType = sourcecode.c.objc; path = main.m; sourceTree = "<group>"; };
		7EF6BA992238F44F000C5D64 /* iOSProjectTests.xctest */ = {isa = PBXFileReference; explicitFileType = wrapper.cfbundle; includeInIndex = 0; path = iOSProjectTests.xctest; sourceTree = BUILT_PRODUCTS_DIR; };
		7EF6BA9D2238F44F000C5D64 /* iOSProjectTests.m */ = {isa = PBXFileReference; lastKnownFileType = sourcecode.c.objc; path = iOSProjectTests.m; sourceTree = "<group>"; };
		7EF6BA9F2238F44F000C5D64 /* Info.plist */ = {isa = PBXFileReference; lastKnownFileType = text.plist.xml; path = Info.plist; sourceTree = "<group>"; };
		7EF6BAA42238F44F000C5D64 /* iOSProjectUITests.xctest */ = {isa = PBXFileReference; explicitFileType = wrapper.cfbundle; includeInIndex = 0; path = iOSProjectUITests.xctest; sourceTree = BUILT_PRODUCTS_DIR; };
		7EF6BAA82238F44F000C5D64 /* iOSProjectUITests.m */ = {isa = PBXFileReference; lastKnownFileType = sourcecode.c.objc; path = iOSProjectUITests.m; sourceTree = "<group>"; };
		7EF6BAAA2238F44F000C5D64 /* Info.plist */ = {isa = PBXFileReference; lastKnownFileType = text.plist.xml; path = Info.plist; sourceTree = "<group>"; };
		7EF6BABF2238FF34000C5D64 /* Macros.h */ = {isa = PBXFileReference; lastKnownFileType = sourcecode.c.h; path = Macros.h; sourceTree = "<group>"; };
		7EF6BAC02238FF44000C5D64 /* ThirdMacros.h */ = {isa = PBXFileReference; lastKnownFileType = sourcecode.c.h; path = ThirdMacros.h; sourceTree = "<group>"; };
		7EF6BAC12238FFDA000C5D64 /* PrefixHeader.pch */ = {isa = PBXFileReference; lastKnownFileType = sourcecode.c.h; path = PrefixHeader.pch; sourceTree = "<group>"; };
		7EF6BAC6223906CB000C5D64 /* QDBaseViewController.h */ = {isa = PBXFileReference; lastKnownFileType = sourcecode.c.h; path = QDBaseViewController.h; sourceTree = "<group>"; };
		7EF6BAC7223906CB000C5D64 /* QDBaseViewController.m */ = {isa = PBXFileReference; lastKnownFileType = sourcecode.c.objc; path = QDBaseViewController.m; sourceTree = "<group>"; };
		7EF6BAC9223906ED000C5D64 /* QDBaseNavViewController.h */ = {isa = PBXFileReference; lastKnownFileType = sourcecode.c.h; path = QDBaseNavViewController.h; sourceTree = "<group>"; };
		7EF6BACA223906ED000C5D64 /* QDBaseNavViewController.m */ = {isa = PBXFileReference; lastKnownFileType = sourcecode.c.objc; path = QDBaseNavViewController.m; sourceTree = "<group>"; };
		7EF6BACC22390712000C5D64 /* QDHomeViewController.h */ = {isa = PBXFileReference; lastKnownFileType = sourcecode.c.h; path = QDHomeViewController.h; sourceTree = "<group>"; };
		7EF6BACD22390712000C5D64 /* QDHomeViewController.m */ = {isa = PBXFileReference; lastKnownFileType = sourcecode.c.objc; path = QDHomeViewController.m; sourceTree = "<group>"; };
		7EF6BAD62239072E000C5D64 /* QDMineViewController.h */ = {isa = PBXFileReference; lastKnownFileType = sourcecode.c.h; path = QDMineViewController.h; sourceTree = "<group>"; };
		7EF6BAD72239072E000C5D64 /* QDMineViewController.m */ = {isa = PBXFileReference; lastKnownFileType = sourcecode.c.objc; path = QDMineViewController.m; sourceTree = "<group>"; };
		7EF6BAD82239072E000C5D64 /* QDMineViewController.xib */ = {isa = PBXFileReference; lastKnownFileType = file.xib; path = QDMineViewController.xib; sourceTree = "<group>"; };
		7EF6BADF22390806000C5D64 /* QDTabBarViewController.h */ = {isa = PBXFileReference; lastKnownFileType = sourcecode.c.h; path = QDTabBarViewController.h; sourceTree = "<group>"; };
		7EF6BAE022390806000C5D64 /* QDTabBarViewController.m */ = {isa = PBXFileReference; lastKnownFileType = sourcecode.c.objc; path = QDTabBarViewController.m; sourceTree = "<group>"; };
		7EF6BAE52239212F000C5D64 /* UIImage+QDExtension.h */ = {isa = PBXFileReference; lastKnownFileType = sourcecode.c.h; path = "UIImage+QDExtension.h"; sourceTree = "<group>"; };
		7EF6BAE62239212F000C5D64 /* UIImage+QDExtension.m */ = {isa = PBXFileReference; lastKnownFileType = sourcecode.c.objc; path = "UIImage+QDExtension.m"; sourceTree = "<group>"; };
		7EF6BAE8223922AA000C5D64 /* UIColor+QDExtension.h */ = {isa = PBXFileReference; lastKnownFileType = sourcecode.c.h; path = "UIColor+QDExtension.h"; sourceTree = "<group>"; };
		7EF6BAE9223922AA000C5D64 /* UIColor+QDExtension.m */ = {isa = PBXFileReference; lastKnownFileType = sourcecode.c.objc; path = "UIColor+QDExtension.m"; sourceTree = "<group>"; };
		7EF6BAEB22392501000C5D64 /* UIView+QDExtension.h */ = {isa = PBXFileReference; lastKnownFileType = sourcecode.c.h; path = "UIView+QDExtension.h"; sourceTree = "<group>"; };
		7EF6BAEC22392501000C5D64 /* UIView+QDExtension.m */ = {isa = PBXFileReference; lastKnownFileType = sourcecode.c.objc; path = "UIView+QDExtension.m"; sourceTree = "<group>"; };
		7EF6BAEE223925E8000C5D64 /* NSString+QDExtension.h */ = {isa = PBXFileReference; lastKnownFileType = sourcecode.c.h; path = "NSString+QDExtension.h"; sourceTree = "<group>"; };
		7EF6BAEF223925E8000C5D64 /* NSString+QDExtension.m */ = {isa = PBXFileReference; lastKnownFileType = sourcecode.c.objc; path = "NSString+QDExtension.m"; sourceTree = "<group>"; };
		7EF6BAF122394BFE000C5D64 /* CommonTools.h */ = {isa = PBXFileReference; lastKnownFileType = sourcecode.c.h; path = CommonTools.h; sourceTree = "<group>"; };
		7EF6BAF222394BFE000C5D64 /* CommonTools.m */ = {isa = PBXFileReference; lastKnownFileType = sourcecode.c.objc; path = CommonTools.m; sourceTree = "<group>"; };
		7EF6BAF6223952EE000C5D64 /* MBProgressHUD+QDExtension.h */ = {isa = PBXFileReference; lastKnownFileType = sourcecode.c.h; path = "MBProgressHUD+QDExtension.h"; sourceTree = "<group>"; };
		7EF6BAF7223952EE000C5D64 /* MBProgressHUD+QDExtension.m */ = {isa = PBXFileReference; lastKnownFileType = sourcecode.c.objc; path = "MBProgressHUD+QDExtension.m"; sourceTree = "<group>"; };
		7EF6BAF9223A802B000C5D64 /* NSDictionary+QDExtension.h */ = {isa = PBXFileReference; lastKnownFileType = sourcecode.c.h; path = "NSDictionary+QDExtension.h"; sourceTree = "<group>"; };
		7EF6BAFA223A802B000C5D64 /* NSDictionary+QDExtension.m */ = {isa = PBXFileReference; lastKnownFileType = sourcecode.c.objc; path = "NSDictionary+QDExtension.m"; sourceTree = "<group>"; };
		7EF6BAFC223A882D000C5D64 /* UITextView+QDExtension.h */ = {isa = PBXFileReference; lastKnownFileType = sourcecode.c.h; path = "UITextView+QDExtension.h"; sourceTree = "<group>"; };
		7EF6BAFD223A882D000C5D64 /* UITextView+QDExtension.m */ = {isa = PBXFileReference; lastKnownFileType = sourcecode.c.objc; path = "UITextView+QDExtension.m"; sourceTree = "<group>"; };
		7EF6BAFF223A8A48000C5D64 /* UITextField+QDExtension.h */ = {isa = PBXFileReference; lastKnownFileType = sourcecode.c.h; path = "UITextField+QDExtension.h"; sourceTree = "<group>"; };
		7EF6BB00223A8A48000C5D64 /* UITextField+QDExtension.m */ = {isa = PBXFileReference; lastKnownFileType = sourcecode.c.objc; path = "UITextField+QDExtension.m"; sourceTree = "<group>"; };
		7EF6BB02223A8AD6000C5D64 /* UIButton+QDExtension.h */ = {isa = PBXFileReference; lastKnownFileType = sourcecode.c.h; path = "UIButton+QDExtension.h"; sourceTree = "<group>"; };
		7EF6BB03223A8AD6000C5D64 /* UIButton+QDExtension.m */ = {isa = PBXFileReference; lastKnownFileType = sourcecode.c.objc; path = "UIButton+QDExtension.m"; sourceTree = "<group>"; };
		7EF6BB05223B4FD9000C5D64 /* QDCountDownButton.h */ = {isa = PBXFileReference; lastKnownFileType = sourcecode.c.h; path = QDCountDownButton.h; sourceTree = "<group>"; };
		7EF6BB06223B4FD9000C5D64 /* QDCountDownButton.m */ = {isa = PBXFileReference; lastKnownFileType = sourcecode.c.objc; path = QDCountDownButton.m; sourceTree = "<group>"; };
		7EF6BB09223B512C000C5D64 /* QDBaseSever.h */ = {isa = PBXFileReference; lastKnownFileType = sourcecode.c.h; path = QDBaseSever.h; sourceTree = "<group>"; };
		7EF6BB0A223B512C000C5D64 /* QDBaseSever.m */ = {isa = PBXFileReference; lastKnownFileType = sourcecode.c.objc; path = QDBaseSever.m; sourceTree = "<group>"; };
		7EF6BB0C223B58D7000C5D64 /* QDSeverURLManager.h */ = {isa = PBXFileReference; lastKnownFileType = sourcecode.c.h; path = QDSeverURLManager.h; sourceTree = "<group>"; };
		7EF6BB0D223B591F000C5D64 /* QDSeverManager.h */ = {isa = PBXFileReference; lastKnownFileType = sourcecode.c.h; path = QDSeverManager.h; sourceTree = "<group>"; };
		7EF6BB0E223B591F000C5D64 /* QDSeverManager.m */ = {isa = PBXFileReference; lastKnownFileType = sourcecode.c.objc; path = QDSeverManager.m; sourceTree = "<group>"; };
		8F0AA7ED93417E5E07455788 /* libPods-iOSProject.a */ = {isa = PBXFileReference; explicitFileType = archive.ar; includeInIndex = 0; path = "libPods-iOSProject.a"; sourceTree = BUILT_PRODUCTS_DIR; };
/* End PBXFileReference section */

/* Begin PBXFrameworksBuildPhase section */
		7EF6BA7B2238F44E000C5D64 /* Frameworks */ = {
			isa = PBXFrameworksBuildPhase;
			buildActionMask = 2147483647;
			files = (
				7E6779BC223F9543008F3334 /* libz.tbd in Frameworks */,
				7E6779BA223F953C008F3334 /* libbz2.tbd in Frameworks */,
				7E6779B8223F952C008F3334 /* AudioToolbox.framework in Frameworks */,
				7E6779B6223F9524008F3334 /* AVFoundation.framework in Frameworks */,
				7E6779B4223F951D008F3334 /* CoreGraphics.framework in Frameworks */,
				7E6779B2223F9507008F3334 /* CoreMedia.framework in Frameworks */,
				7E6779B0223F9500008F3334 /* CoreVideo.framework in Frameworks */,
				7E6779AE223F94F6008F3334 /* MediaPlayer.framework in Frameworks */,
				7E6779AC223F94EA008F3334 /* MobileCoreServices.framework in Frameworks */,
				7E6779AA223F94E2008F3334 /* OpenGLES.framework in Frameworks */,
				7E6779A8223F94D7008F3334 /* QuartzCore.framework in Frameworks */,
				7E6779A6223F94D1008F3334 /* UIKit.framework in Frameworks */,
				7E6779A4223F94CA008F3334 /* VideoToolbox.framework in Frameworks */,
				53CBB59EAA6DA027549B23C0 /* libPods-iOSProject.a in Frameworks */,
			);
			runOnlyForDeploymentPostprocessing = 0;
		};
		7EF6BA962238F44F000C5D64 /* Frameworks */ = {
			isa = PBXFrameworksBuildPhase;
			buildActionMask = 2147483647;
			files = (
			);
			runOnlyForDeploymentPostprocessing = 0;
		};
		7EF6BAA12238F44F000C5D64 /* Frameworks */ = {
			isa = PBXFrameworksBuildPhase;
			buildActionMask = 2147483647;
			files = (
			);
			runOnlyForDeploymentPostprocessing = 0;
		};
/* End PBXFrameworksBuildPhase section */

/* Begin PBXGroup section */
		7E4988212241DAE900FC87A0 /* QDCountDownButton */ = {
			isa = PBXGroup;
			children = (
				7EF6BB05223B4FD9000C5D64 /* QDCountDownButton.h */,
				7EF6BB06223B4FD9000C5D64 /* QDCountDownButton.m */,
			);
			path = QDCountDownButton;
			sourceTree = "<group>";
		};
		7E4988272241DD3100FC87A0 /* Video */ = {
			isa = PBXGroup;
			children = (
			);
			path = Video;
			sourceTree = "<group>";
		};
		7EB809762259D6F900C4629F /* SelectedView */ = {
			isa = PBXGroup;
			children = (
				7EB809772259D6F900C4629F /* QDSelectedView.m */,
				7EB809782259D6F900C4629F /* QDSelectedView.h */,
			);
			path = SelectedView;
			sourceTree = "<group>";
		};
		7EB8098A225A355500C4629F /* Cell */ = {
			isa = PBXGroup;
			children = (
				7EB8098B225A355500C4629F /* QDNews1TableViewCell.m */,
				7EB8098C225A355500C4629F /* QDNews1TableViewCell.xib */,
				7EB8098D225A355500C4629F /* QDNews1TableViewCell.h */,
				7EB8099B225A464C00C4629F /* QDNews2TableViewCell.h */,
				7EB8099A225A464C00C4629F /* QDNews2TableViewCell.m */,
				7EB80999225A464C00C4629F /* QDNews2TableViewCell.xib */,
				7E8E371D225A5C0A007EC2F4 /* QDNews3TableViewCell.h */,
				7E8E371E225A5C0B007EC2F4 /* QDNews3TableViewCell.m */,
				7E8E371B225A5C0A007EC2F4 /* QDNews3TableViewCell.xib */,
				7E8E3719225A5C0A007EC2F4 /* QDNews4TableViewCell.h */,
				7E8E371A225A5C0A007EC2F4 /* QDNews4TableViewCell.m */,
				7E8E371C225A5C0A007EC2F4 /* QDNews4TableViewCell.xib */,
			);
			path = Cell;
			sourceTree = "<group>";
		};
		7EB8099E225A465700C4629F /* Date */ = {
			isa = PBXGroup;
			children = (
				7EB8099F225A465700C4629F /* QDDateSelectedView.m */,
				7EB809A0225A465700C4629F /* QDDateSelectedView.h */,
			);
			path = Date;
			sourceTree = "<group>";
		};
		7EEAA0AD224B5FA0009B6617 /* Login */ = {
			isa = PBXGroup;
			children = (
				7EEAA0AE224B5FAB009B6617 /* Controller */,
			);
			path = Login;
			sourceTree = "<group>";
		};
		7EEAA0AE224B5FAB009B6617 /* Controller */ = {
			isa = PBXGroup;
			children = (
				7EEAA0A8224B5F9A009B6617 /* QDLoginMainViewController.h */,
				7EEAA0A9224B5F9A009B6617 /* QDLoginMainViewController.m */,
				7EEAA0AA224B5F9A009B6617 /* QDLoginMainViewController.xib */,
			);
			path = Controller;
			sourceTree = "<group>";
		};
		7EEAA0B2224B5FF5009B6617 /* Push */ = {
			isa = PBXGroup;
			children = (
				7EEAA0AF224B5FF1009B6617 /* QDPushRouteHelper.h */,
				7EEAA0B0224B5FF1009B6617 /* QDPushRouteHelper.m */,
			);
			path = Push;
			sourceTree = "<group>";
		};
		7EEAA0B8224B6812009B6617 /* Controller */ = {
			isa = PBXGroup;
			children = (
				7EF6BAC6223906CB000C5D64 /* QDBaseViewController.h */,
				7EF6BAC7223906CB000C5D64 /* QDBaseViewController.m */,
				7EF6BAC9223906ED000C5D64 /* QDBaseNavViewController.h */,
				7EF6BACA223906ED000C5D64 /* QDBaseNavViewController.m */,
				7EF6BADF22390806000C5D64 /* QDTabBarViewController.h */,
				7EF6BAE022390806000C5D64 /* QDTabBarViewController.m */,
				7EEAA0B3224B604B009B6617 /* QDBaseWebViewViewController.h */,
				7EEAA0B4224B604B009B6617 /* QDBaseWebViewViewController.m */,
				7EEAA0B5224B604B009B6617 /* QDBaseWebViewViewController.xib */,
			);
			path = Controller;
			sourceTree = "<group>";
		};
		7EEAA0BE224B6854009B6617 /* View */ = {
			isa = PBXGroup;
			children = (
				7EB8097B2259D71C00C4629F /* QDBaseView.h */,
				7EB8097A2259D71C00C4629F /* QDBaseView.m */,
				7EEAA0B9224B684F009B6617 /* QDBaseTableViewCell.h */,
				7EEAA0BA224B684F009B6617 /* QDBaseTableViewCell.m */,
				7EEAA0BB224B684F009B6617 /* QDBaseTableViewCell.xib */,
			);
			path = View;
			sourceTree = "<group>";
		};
		7EEAA0C2224B686E009B6617 /* Model */ = {
			isa = PBXGroup;
			children = (
				7EEAA0BF224B686A009B6617 /* QDBaseModel.h */,
				7EEAA0C0224B686A009B6617 /* QDBaseModel.m */,
			);
			path = Model;
			sourceTree = "<group>";
		};
		7EEAA0C8224C685D009B6617 /* Guide */ = {
			isa = PBXGroup;
			children = (
				7EEAA0CF224C6A9B009B6617 /* Controller */,
			);
			path = Guide;
			sourceTree = "<group>";
		};
		7EEAA0CF224C6A9B009B6617 /* Controller */ = {
			isa = PBXGroup;
			children = (
				7EEAA0D3224C6A9B009B6617 /* QDADViewController.h */,
				7EEAA0D0224C6A9B009B6617 /* QDADViewController.m */,
				7EEAA0D1224C6A9B009B6617 /* QDADViewController.xib */,
				7EEAA0D2224C6A9B009B6617 /* QDGuideViewController.h */,
				7EEAA0D5224C6A9B009B6617 /* QDGuideViewController.m */,
				7EEAA0D4224C6A9B009B6617 /* QDGuideViewController.xib */,
			);
			path = Controller;
			sourceTree = "<group>";
		};
		7EF4A8242283312500B956DC /* View */ = {
			isa = PBXGroup;
			children = (
				7EE5DA68228332A4008C4100 /* QDHomeRow0TableViewCell.h */,
				7EE5DA69228332A4008C4100 /* QDHomeRow0TableViewCell.m */,
				7EE5DA6A228332A4008C4100 /* QDHomeRow0TableViewCell.xib */,
				7EE5DA6D22833E97008C4100 /* QDHomeRow1TableViewCell.h */,
				7EE5DA6E22833E97008C4100 /* QDHomeRow1TableViewCell.m */,
				7EE5DA6F22833E97008C4100 /* QDHomeRow1TableViewCell.xib */,
				7EE5DA72228344CD008C4100 /* QDHomeRow2TableViewCell.h */,
				7EE5DA73228344CD008C4100 /* QDHomeRow2TableViewCell.m */,
				7EE5DA74228344CD008C4100 /* QDHomeRow2TableViewCell.xib */,
			);
			path = View;
			sourceTree = "<group>";
		};
		7EF55C86226584D100641954 /* Message */ = {
			isa = PBXGroup;
			children = (
				7EF55C87226584D100641954 /* Controller */,
			);
			path = Message;
			sourceTree = "<group>";
		};
		7EF55C87226584D100641954 /* Controller */ = {
			isa = PBXGroup;
			children = (
				7EF55C8D2265850D00641954 /* QDMessageMainViewController.h */,
				7EF55C8E2265850D00641954 /* QDMessageMainViewController.m */,
				7EF55C8F2265850D00641954 /* QDMessageMainViewController.xib */,
			);
			path = Controller;
			sourceTree = "<group>";
		};
		7EF55C92226585FA00641954 /* News */ = {
			isa = PBXGroup;
			children = (
				7EF55C93226585FA00641954 /* Controller */,
			);
			name = News;
			path = iOSProject/Main/News;
			sourceTree = SOURCE_ROOT;
		};
		7EF55C93226585FA00641954 /* Controller */ = {
			isa = PBXGroup;
			children = (
				7EF55CA22265B72E00641954 /* QDNewsMainViewController.h */,
				7EF55CA32265B72E00641954 /* QDNewsMainViewController.m */,
				7EF55CA42265B72E00641954 /* QDNewsMainViewController.xib */,
			);
			path = Controller;
			sourceTree = "<group>";
		};
		7EF55C94226585FA00641954 /* Optional */ = {
			isa = PBXGroup;
			children = (
				7EF55C95226585FB00641954 /* Controller */,
			);
			name = Optional;
			path = iOSProject/Main/Optional;
			sourceTree = SOURCE_ROOT;
		};
		7EF55C95226585FB00641954 /* Controller */ = {
			isa = PBXGroup;
			children = (
				7EF55C982265B71000641954 /* QDOptionalMainViewController.h */,
				7EF55C992265B71000641954 /* QDOptionalMainViewController.m */,
				7EF55C9A2265B71000641954 /* QDOptionalMainViewController.xib */,
			);
			path = Controller;
			sourceTree = "<group>";
		};
		7EF55C96226585FB00641954 /* Deal */ = {
			isa = PBXGroup;
			children = (
				7EF55C97226585FB00641954 /* Controller */,
			);
			name = Deal;
			path = iOSProject/Main/Deal;
			sourceTree = SOURCE_ROOT;
		};
		7EF55C97226585FB00641954 /* Controller */ = {
			isa = PBXGroup;
			children = (
				7EF55C9D2265B71E00641954 /* QDDealMainViewController.h */,
				7EF55C9E2265B71E00641954 /* QDDealMainViewController.m */,
				7EF55C9F2265B71E00641954 /* QDDealMainViewController.xib */,
			);
			path = Controller;
			sourceTree = "<group>";
		};
		7EF6BA752238F44E000C5D64 = {
			isa = PBXGroup;
			children = (
				7EF6BA802238F44E000C5D64 /* iOSProject */,
				7EF6BA9C2238F44F000C5D64 /* iOSProjectTests */,
				7EF6BAA72238F44F000C5D64 /* iOSProjectUITests */,
				7EF6BA7F2238F44E000C5D64 /* Products */,
				D8DBA09FAF81D5A74A9EC66E /* Pods */,
				E39F71470337DA0C1E1CD95C /* Frameworks */,
			);
			sourceTree = "<group>";
		};
		7EF6BA7F2238F44E000C5D64 /* Products */ = {
			isa = PBXGroup;
			children = (
				7EF6BA7E2238F44E000C5D64 /* iOSProject.app */,
				7EF6BA992238F44F000C5D64 /* iOSProjectTests.xctest */,
				7EF6BAA42238F44F000C5D64 /* iOSProjectUITests.xctest */,
			);
			name = Products;
			sourceTree = "<group>";
		};
		7EF6BA802238F44E000C5D64 /* iOSProject */ = {
			isa = PBXGroup;
			children = (
				7EF6BAB62238FCEA000C5D64 /* Main */,
				7EF6BAB72238FD09000C5D64 /* Expand */,
				7EF6BAE22239086C000C5D64 /* Module */,
				7EF6BAB82238FD16000C5D64 /* Resource */,
			);
			path = iOSProject;
			sourceTree = "<group>";
		};
		7EF6BA9C2238F44F000C5D64 /* iOSProjectTests */ = {
			isa = PBXGroup;
			children = (
				7EF6BA9D2238F44F000C5D64 /* iOSProjectTests.m */,
				7EF6BA9F2238F44F000C5D64 /* Info.plist */,
			);
			path = iOSProjectTests;
			sourceTree = "<group>";
		};
		7EF6BAA72238F44F000C5D64 /* iOSProjectUITests */ = {
			isa = PBXGroup;
			children = (
				7EF6BAA82238F44F000C5D64 /* iOSProjectUITests.m */,
				7EF6BAAA2238F44F000C5D64 /* Info.plist */,
			);
			path = iOSProjectUITests;
			sourceTree = "<group>";
		};
		7EF6BAB62238FCEA000C5D64 /* Main */ = {
			isa = PBXGroup;
			children = (
				7EF6BAC222390599000C5D64 /* Base */,
				7EEAA0B2224B5FF5009B6617 /* Push */,
				7EEAA0C8224C685D009B6617 /* Guide */,
				7EF6BAC3223905A8000C5D64 /* Home */,
				7EF55C94226585FA00641954 /* Optional */,
				7EF55C96226585FB00641954 /* Deal */,
				7EF55C92226585FA00641954 /* News */,
				7EF6BAC4223905B3000C5D64 /* Mine */,
				7EF55C86226584D100641954 /* Message */,
				7EEAA0AD224B5FA0009B6617 /* Login */,
			);
			path = Main;
			sourceTree = "<group>";
		};
		7EF6BAB72238FD09000C5D64 /* Expand */ = {
			isa = PBXGroup;
			children = (
				7EF6BABE2238FEFB000C5D64 /* DataBase */,
				7EF6BABD2238FEF4000C5D64 /* Category */,
				7EF6BABC2238FEED000C5D64 /* NetWork */,
				7EF6BABB2238FEE7000C5D64 /* Tool */,
				7EF6BABA2238FEDC000C5D64 /* Macros */,
				7EF6BAB92238FECD000C5D64 /* Const */,
			);
			path = Expand;
			sourceTree = "<group>";
		};
		7EF6BAB82238FD16000C5D64 /* Resource */ = {
			isa = PBXGroup;
			children = (
				7EF55CA72265BA9A00641954 /* Assets.xcassets */,
				7EF6BA812238F44E000C5D64 /* AppDelegate.h */,
				7EF6BA822238F44E000C5D64 /* AppDelegate.m */,
				7EF6BA8F2238F44F000C5D64 /* LaunchScreen.storyboard */,
				7EF6BA922238F44F000C5D64 /* Info.plist */,
				7EF6BA932238F44F000C5D64 /* main.m */,
				7EF6BA8A2238F44E000C5D64 /* iOSProject.xcdatamodeld */,
				7EF6BAC12238FFDA000C5D64 /* PrefixHeader.pch */,
				7E49884222421EBB00FC87A0 /* InfoPlist.strings */,
				7E49884822421FC200FC87A0 /* Localizable.strings */,
			);
			path = Resource;
			sourceTree = "<group>";
		};
		7EF6BAB92238FECD000C5D64 /* Const */ = {
			isa = PBXGroup;
			children = (
			);
			path = Const;
			sourceTree = "<group>";
		};
		7EF6BABA2238FEDC000C5D64 /* Macros */ = {
			isa = PBXGroup;
			children = (
				7EF6BABF2238FF34000C5D64 /* Macros.h */,
				7EF6BAC02238FF44000C5D64 /* ThirdMacros.h */,
			);
			path = Macros;
			sourceTree = "<group>";
		};
		7EF6BABB2238FEE7000C5D64 /* Tool */ = {
			isa = PBXGroup;
			children = (
				7EF6BAF122394BFE000C5D64 /* CommonTools.h */,
				7EF6BAF222394BFE000C5D64 /* CommonTools.m */,
				7EEAA0DA224C7AAF009B6617 /* QDUserDefault.h */,
				7EEAA0DB224C7AAF009B6617 /* QDUserDefault.m */,
			);
			path = Tool;
			sourceTree = "<group>";
		};
		7EF6BABC2238FEED000C5D64 /* NetWork */ = {
			isa = PBXGroup;
			children = (
				7EF6BB09223B512C000C5D64 /* QDBaseSever.h */,
				7EF6BB0A223B512C000C5D64 /* QDBaseSever.m */,
				7EF6BB0C223B58D7000C5D64 /* QDSeverURLManager.h */,
				7EF6BB0D223B591F000C5D64 /* QDSeverManager.h */,
				7EF6BB0E223B591F000C5D64 /* QDSeverManager.m */,
			);
			path = NetWork;
			sourceTree = "<group>";
		};
		7EF6BABD2238FEF4000C5D64 /* Category */ = {
			isa = PBXGroup;
			children = (
				7EF6BAF5223952AC000C5D64 /* Vender */,
				7EF6BAE422392035000C5D64 /* UIKit */,
				7EF6BAE322392021000C5D64 /* Foundation */,
			);
			path = Category;
			sourceTree = "<group>";
		};
		7EF6BABE2238FEFB000C5D64 /* DataBase */ = {
			isa = PBXGroup;
			children = (
			);
			path = DataBase;
			sourceTree = "<group>";
		};
		7EF6BAC222390599000C5D64 /* Base */ = {
			isa = PBXGroup;
			children = (
				7EEAA0B8224B6812009B6617 /* Controller */,
				7EEAA0BE224B6854009B6617 /* View */,
				7EEAA0C2224B686E009B6617 /* Model */,
			);
			path = Base;
			sourceTree = "<group>";
		};
		7EF6BAC3223905A8000C5D64 /* Home */ = {
			isa = PBXGroup;
			children = (
				7EF6BADE2239075F000C5D64 /* Controller */,
				7EF4A8242283312500B956DC /* View */,
			);
			path = Home;
			sourceTree = "<group>";
		};
		7EF6BAC4223905B3000C5D64 /* Mine */ = {
			isa = PBXGroup;
			children = (
				7EF6BADC2239073C000C5D64 /* Controller */,
			);
			path = Mine;
			sourceTree = "<group>";
		};
		7EF6BADC2239073C000C5D64 /* Controller */ = {
			isa = PBXGroup;
			children = (
				7EF6BAD62239072E000C5D64 /* QDMineViewController.h */,
				7EF6BAD72239072E000C5D64 /* QDMineViewController.m */,
				7EF6BAD82239072E000C5D64 /* QDMineViewController.xib */,
			);
			path = Controller;
			sourceTree = "<group>";
		};
		7EF6BADE2239075F000C5D64 /* Controller */ = {
			isa = PBXGroup;
			children = (
				7EF6BACC22390712000C5D64 /* QDHomeViewController.h */,
				7EF6BACD22390712000C5D64 /* QDHomeViewController.m */,
				7E498832224218ED00FC87A0 /* QDHomeViewController.xib */,
			);
			path = Controller;
			sourceTree = "<group>";
		};
		7EF6BAE22239086C000C5D64 /* Module */ = {
			isa = PBXGroup;
			children = (
				7EB8099E225A465700C4629F /* Date */,
				7EB8098A225A355500C4629F /* Cell */,
				7EB809762259D6F900C4629F /* SelectedView */,
				7E4988272241DD3100FC87A0 /* Video */,
				7E4988212241DAE900FC87A0 /* QDCountDownButton */,
			);
			path = Module;
			sourceTree = "<group>";
		};
		7EF6BAE322392021000C5D64 /* Foundation */ = {
			isa = PBXGroup;
			children = (
				7EF6BAEE223925E8000C5D64 /* NSString+QDExtension.h */,
				7EF6BAEF223925E8000C5D64 /* NSString+QDExtension.m */,
				7EF6BAF9223A802B000C5D64 /* NSDictionary+QDExtension.h */,
				7EF6BAFA223A802B000C5D64 /* NSDictionary+QDExtension.m */,
			);
			path = Foundation;
			sourceTree = "<group>";
		};
		7EF6BAE422392035000C5D64 /* UIKit */ = {
			isa = PBXGroup;
			children = (
				7EF6BAE52239212F000C5D64 /* UIImage+QDExtension.h */,
				7EF6BAE62239212F000C5D64 /* UIImage+QDExtension.m */,
				7EF6BAE8223922AA000C5D64 /* UIColor+QDExtension.h */,
				7EF6BAE9223922AA000C5D64 /* UIColor+QDExtension.m */,
				7EF6BAEB22392501000C5D64 /* UIView+QDExtension.h */,
				7EF6BAEC22392501000C5D64 /* UIView+QDExtension.m */,
				7EF6BAFC223A882D000C5D64 /* UITextView+QDExtension.h */,
				7EF6BAFD223A882D000C5D64 /* UITextView+QDExtension.m */,
				7EF6BAFF223A8A48000C5D64 /* UITextField+QDExtension.h */,
				7EF6BB00223A8A48000C5D64 /* UITextField+QDExtension.m */,
				7EF6BB02223A8AD6000C5D64 /* UIButton+QDExtension.h */,
				7EF6BB03223A8AD6000C5D64 /* UIButton+QDExtension.m */,
			);
			path = UIKit;
			sourceTree = "<group>";
		};
		7EF6BAF5223952AC000C5D64 /* Vender */ = {
			isa = PBXGroup;
			children = (
				7EF6BAF6223952EE000C5D64 /* MBProgressHUD+QDExtension.h */,
				7EF6BAF7223952EE000C5D64 /* MBProgressHUD+QDExtension.m */,
			);
			path = Vender;
			sourceTree = "<group>";
		};
		D8DBA09FAF81D5A74A9EC66E /* Pods */ = {
			isa = PBXGroup;
			children = (
				3596FB00105EEC2C8FFC4575 /* Pods-iOSProject.debug.xcconfig */,
				4708E70422855E45D239AE8C /* Pods-iOSProject.release.xcconfig */,
			);
			name = Pods;
			sourceTree = "<group>";
		};
		E39F71470337DA0C1E1CD95C /* Frameworks */ = {
			isa = PBXGroup;
			children = (
				7E6779BB223F9543008F3334 /* libz.tbd */,
				7E6779B9223F953C008F3334 /* libbz2.tbd */,
				7E6779B7223F952C008F3334 /* AudioToolbox.framework */,
				7E6779B5223F9524008F3334 /* AVFoundation.framework */,
				7E6779B3223F951D008F3334 /* CoreGraphics.framework */,
				7E6779B1223F9507008F3334 /* CoreMedia.framework */,
				7E6779AF223F9500008F3334 /* CoreVideo.framework */,
				7E6779AD223F94F6008F3334 /* MediaPlayer.framework */,
				7E6779AB223F94EA008F3334 /* MobileCoreServices.framework */,
				7E6779A9223F94E2008F3334 /* OpenGLES.framework */,
				7E6779A7223F94D7008F3334 /* QuartzCore.framework */,
				7E6779A5223F94D1008F3334 /* UIKit.framework */,
				7E6779A3223F94CA008F3334 /* VideoToolbox.framework */,
				8F0AA7ED93417E5E07455788 /* libPods-iOSProject.a */,
			);
			name = Frameworks;
			sourceTree = "<group>";
		};
/* End PBXGroup section */

/* Begin PBXNativeTarget section */
		7EF6BA7D2238F44E000C5D64 /* iOSProject */ = {
			isa = PBXNativeTarget;
			buildConfigurationList = 7EF6BAAD2238F44F000C5D64 /* Build configuration list for PBXNativeTarget "iOSProject" */;
			buildPhases = (
				222A32C78552DFF75ECE6253 /* [CP] Check Pods Manifest.lock */,
				7EF6BA7A2238F44E000C5D64 /* Sources */,
				7EF6BA7B2238F44E000C5D64 /* Frameworks */,
				7EF6BA7C2238F44E000C5D64 /* Resources */,
				7D668C035F2D2D3CBC94CC30 /* [CP] Copy Pods Resources */,
			);
			buildRules = (
			);
			dependencies = (
			);
			name = iOSProject;
			productName = iOSProject;
			productReference = 7EF6BA7E2238F44E000C5D64 /* iOSProject.app */;
			productType = "com.apple.product-type.application";
		};
		7EF6BA982238F44F000C5D64 /* iOSProjectTests */ = {
			isa = PBXNativeTarget;
			buildConfigurationList = 7EF6BAB02238F44F000C5D64 /* Build configuration list for PBXNativeTarget "iOSProjectTests" */;
			buildPhases = (
				7EF6BA952238F44F000C5D64 /* Sources */,
				7EF6BA962238F44F000C5D64 /* Frameworks */,
				7EF6BA972238F44F000C5D64 /* Resources */,
			);
			buildRules = (
			);
			dependencies = (
				7EF6BA9B2238F44F000C5D64 /* PBXTargetDependency */,
			);
			name = iOSProjectTests;
			productName = iOSProjectTests;
			productReference = 7EF6BA992238F44F000C5D64 /* iOSProjectTests.xctest */;
			productType = "com.apple.product-type.bundle.unit-test";
		};
		7EF6BAA32238F44F000C5D64 /* iOSProjectUITests */ = {
			isa = PBXNativeTarget;
			buildConfigurationList = 7EF6BAB32238F44F000C5D64 /* Build configuration list for PBXNativeTarget "iOSProjectUITests" */;
			buildPhases = (
				7EF6BAA02238F44F000C5D64 /* Sources */,
				7EF6BAA12238F44F000C5D64 /* Frameworks */,
				7EF6BAA22238F44F000C5D64 /* Resources */,
			);
			buildRules = (
			);
			dependencies = (
				7EF6BAA62238F44F000C5D64 /* PBXTargetDependency */,
			);
			name = iOSProjectUITests;
			productName = iOSProjectUITests;
			productReference = 7EF6BAA42238F44F000C5D64 /* iOSProjectUITests.xctest */;
			productType = "com.apple.product-type.bundle.ui-testing";
		};
/* End PBXNativeTarget section */

/* Begin PBXProject section */
		7EF6BA762238F44E000C5D64 /* Project object */ = {
			isa = PBXProject;
			attributes = {
				CLASSPREFIX = QD;
				LastUpgradeCheck = 1010;
				ORGANIZATIONNAME = "苏秋东";
				TargetAttributes = {
					7EF6BA7D2238F44E000C5D64 = {
						CreatedOnToolsVersion = 10.1;
						SystemCapabilities = {
							com.apple.BackgroundModes = {
								enabled = 1;
							};
						};
					};
					7EF6BA982238F44F000C5D64 = {
						CreatedOnToolsVersion = 10.1;
						TestTargetID = 7EF6BA7D2238F44E000C5D64;
					};
					7EF6BAA32238F44F000C5D64 = {
						CreatedOnToolsVersion = 10.1;
						TestTargetID = 7EF6BA7D2238F44E000C5D64;
					};
				};
			};
			buildConfigurationList = 7EF6BA792238F44E000C5D64 /* Build configuration list for PBXProject "iOSProject" */;
			compatibilityVersion = "Xcode 9.3";
			developmentRegion = en;
			hasScannedForEncodings = 0;
			knownRegions = (
				Base,
				en,
			);
			mainGroup = 7EF6BA752238F44E000C5D64;
			productRefGroup = 7EF6BA7F2238F44E000C5D64 /* Products */;
			projectDirPath = "";
			projectRoot = "";
			targets = (
				7EF6BA7D2238F44E000C5D64 /* iOSProject */,
				7EF6BA982238F44F000C5D64 /* iOSProjectTests */,
				7EF6BAA32238F44F000C5D64 /* iOSProjectUITests */,
			);
		};
/* End PBXProject section */

/* Begin PBXResourcesBuildPhase section */
		7EF6BA7C2238F44E000C5D64 /* Resources */ = {
			isa = PBXResourcesBuildPhase;
			buildActionMask = 2147483647;
			files = (
				7EF55CA12265B71E00641954 /* QDDealMainViewController.xib in Resources */,
				7EF55C912265850D00641954 /* QDMessageMainViewController.xib in Resources */,
				7EF55CA62265B72E00641954 /* QDNewsMainViewController.xib in Resources */,
				7EF55CA82265BA9A00641954 /* Assets.xcassets in Resources */,
				7EEAA0BD224B684F009B6617 /* QDBaseTableViewCell.xib in Resources */,
				7EE5DA6C228332A4008C4100 /* QDHomeRow0TableViewCell.xib in Resources */,
				7EEAA0D8224C6A9B009B6617 /* QDGuideViewController.xib in Resources */,
				7EF6BADA2239072E000C5D64 /* QDMineViewController.xib in Resources */,
				7EF6BA912238F44F000C5D64 /* LaunchScreen.storyboard in Resources */,
				7EF55C9C2265B71000641954 /* QDOptionalMainViewController.xib in Resources */,
				7EEAA0D7224C6A9B009B6617 /* QDADViewController.xib in Resources */,
				7EB8098F225A355500C4629F /* QDNews1TableViewCell.xib in Resources */,
				7E8E3720225A5C0B007EC2F4 /* QDNews3TableViewCell.xib in Resources */,
				7EE5DA7122833E97008C4100 /* QDHomeRow1TableViewCell.xib in Resources */,
				7EEAA0AC224B5F9A009B6617 /* QDLoginMainViewController.xib in Resources */,
				7EE5DA76228344CD008C4100 /* QDHomeRow2TableViewCell.xib in Resources */,
				7E8E3721225A5C0B007EC2F4 /* QDNews4TableViewCell.xib in Resources */,
				7E49884622421FC200FC87A0 /* Localizable.strings in Resources */,
				7EEAA0B7224B604B009B6617 /* QDBaseWebViewViewController.xib in Resources */,
				7E49884022421EBB00FC87A0 /* InfoPlist.strings in Resources */,
				7E498830224218ED00FC87A0 /* QDHomeViewController.xib in Resources */,
				7EB8099C225A464C00C4629F /* QDNews2TableViewCell.xib in Resources */,
			);
			runOnlyForDeploymentPostprocessing = 0;
		};
		7EF6BA972238F44F000C5D64 /* Resources */ = {
			isa = PBXResourcesBuildPhase;
			buildActionMask = 2147483647;
			files = (
			);
			runOnlyForDeploymentPostprocessing = 0;
		};
		7EF6BAA22238F44F000C5D64 /* Resources */ = {
			isa = PBXResourcesBuildPhase;
			buildActionMask = 2147483647;
			files = (
			);
			runOnlyForDeploymentPostprocessing = 0;
		};
/* End PBXResourcesBuildPhase section */

/* Begin PBXShellScriptBuildPhase section */
		222A32C78552DFF75ECE6253 /* [CP] Check Pods Manifest.lock */ = {
			isa = PBXShellScriptBuildPhase;
			buildActionMask = 2147483647;
			files = (
			);
			inputPaths = (
				"${PODS_PODFILE_DIR_PATH}/Podfile.lock",
				"${PODS_ROOT}/Manifest.lock",
			);
			name = "[CP] Check Pods Manifest.lock";
			outputPaths = (
				"$(DERIVED_FILE_DIR)/Pods-iOSProject-checkManifestLockResult.txt",
			);
			runOnlyForDeploymentPostprocessing = 0;
			shellPath = /bin/sh;
			shellScript = "diff \"${PODS_PODFILE_DIR_PATH}/Podfile.lock\" \"${PODS_ROOT}/Manifest.lock\" > /dev/null\nif [ $? != 0 ] ; then\n    # print error to STDERR\n    echo \"error: The sandbox is not in sync with the Podfile.lock. Run 'pod install' or update your CocoaPods installation.\" >&2\n    exit 1\nfi\n# This output is used by Xcode 'outputs' to avoid re-running this script phase.\necho \"SUCCESS\" > \"${SCRIPT_OUTPUT_FILE_0}\"\n";
			showEnvVarsInLog = 0;
		};
		7D668C035F2D2D3CBC94CC30 /* [CP] Copy Pods Resources */ = {
			isa = PBXShellScriptBuildPhase;
			buildActionMask = 2147483647;
			files = (
			);
			inputPaths = (
				"${SRCROOT}/Pods/Target Support Files/Pods-iOSProject/Pods-iOSProject-resources.sh",
				"${PODS_ROOT}/BaiduMapKit/BaiduMapKit/BaiduMapAPI_Map.framework/mapapi.bundle",
				"${PODS_ROOT}/IQKeyboardManager/IQKeyboardManager/Resources/IQKeyboardManager.bundle",
				"${PODS_ROOT}/MJRefresh/MJRefresh/MJRefresh.bundle",
				"${PODS_CONFIGURATION_BUILD_DIR}/MWPhotoBrowser/MWPhotoBrowser.bundle",
				"${PODS_ROOT}/ZFPlayer/ZFPlayer/Classes/ControlView/ZFPlayer.bundle",
				"${PODS_ROOT}/mob_sharesdk/ShareSDK/Support/Required/ShareSDK.bundle",
				"${PODS_ROOT}/mob_sharesdk/ShareSDK/Support/Optional/ShareSDKUI.bundle",
			);
			name = "[CP] Copy Pods Resources";
			outputPaths = (
				"${TARGET_BUILD_DIR}/${UNLOCALIZED_RESOURCES_FOLDER_PATH}/mapapi.bundle",
				"${TARGET_BUILD_DIR}/${UNLOCALIZED_RESOURCES_FOLDER_PATH}/IQKeyboardManager.bundle",
				"${TARGET_BUILD_DIR}/${UNLOCALIZED_RESOURCES_FOLDER_PATH}/MJRefresh.bundle",
				"${TARGET_BUILD_DIR}/${UNLOCALIZED_RESOURCES_FOLDER_PATH}/MWPhotoBrowser.bundle",
				"${TARGET_BUILD_DIR}/${UNLOCALIZED_RESOURCES_FOLDER_PATH}/ZFPlayer.bundle",
				"${TARGET_BUILD_DIR}/${UNLOCALIZED_RESOURCES_FOLDER_PATH}/ShareSDK.bundle",
				"${TARGET_BUILD_DIR}/${UNLOCALIZED_RESOURCES_FOLDER_PATH}/ShareSDKUI.bundle",
			);
			runOnlyForDeploymentPostprocessing = 0;
			shellPath = /bin/sh;
			shellScript = "\"${SRCROOT}/Pods/Target Support Files/Pods-iOSProject/Pods-iOSProject-resources.sh\"\n";
			showEnvVarsInLog = 0;
		};
/* End PBXShellScriptBuildPhase section */

/* Begin PBXSourcesBuildPhase section */
		7EF6BA7A2238F44E000C5D64 /* Sources */ = {
			isa = PBXSourcesBuildPhase;
			buildActionMask = 2147483647;
			files = (
				7EEAA0B6224B604B009B6617 /* QDBaseWebViewViewController.m in Sources */,
				7EEAA0D6224C6A9B009B6617 /* QDADViewController.m in Sources */,
				7EF55C9B2265B71000641954 /* QDOptionalMainViewController.m in Sources */,
				7EEAA0C1224B686A009B6617 /* QDBaseModel.m in Sources */,
				7EF6BA832238F44E000C5D64 /* AppDelegate.m in Sources */,
				7EB8097C2259D71C00C4629F /* QDBaseView.m in Sources */,
				7EF6BAED22392501000C5D64 /* UIView+QDExtension.m in Sources */,
				7EF6BA942238F44F000C5D64 /* main.m in Sources */,
				7EF6BAC8223906CB000C5D64 /* QDBaseViewController.m in Sources */,
				7E8E3722225A5C0B007EC2F4 /* QDNews3TableViewCell.m in Sources */,
				7EF6BB07223B4FD9000C5D64 /* QDCountDownButton.m in Sources */,
				7EF6BACF22390712000C5D64 /* QDHomeViewController.m in Sources */,
				7EE5DA75228344CD008C4100 /* QDHomeRow2TableViewCell.m in Sources */,
				7EEAA0BC224B684F009B6617 /* QDBaseTableViewCell.m in Sources */,
				7EF55C902265850D00641954 /* QDMessageMainViewController.m in Sources */,
				7EF6BAD92239072E000C5D64 /* QDMineViewController.m in Sources */,
				7EF6BAEA223922AA000C5D64 /* UIColor+QDExtension.m in Sources */,
				7EF6BAE72239212F000C5D64 /* UIImage+QDExtension.m in Sources */,
				7EF6BB0F223B591F000C5D64 /* QDSeverManager.m in Sources */,
				7EF6BB0B223B512C000C5D64 /* QDBaseSever.m in Sources */,
				7EEAA0AB224B5F9A009B6617 /* QDLoginMainViewController.m in Sources */,
				7EEAA0DC224C7AAF009B6617 /* QDUserDefault.m in Sources */,
				7EB8098E225A355500C4629F /* QDNews1TableViewCell.m in Sources */,
				7EE5DA7022833E97008C4100 /* QDHomeRow1TableViewCell.m in Sources */,
				7EF6BAFB223A802B000C5D64 /* NSDictionary+QDExtension.m in Sources */,
				7EB8099D225A464C00C4629F /* QDNews2TableViewCell.m in Sources */,
				7EEAA0D9224C6A9B009B6617 /* QDGuideViewController.m in Sources */,
				7EF55CA02265B71E00641954 /* QDDealMainViewController.m in Sources */,
				7EF6BAF0223925E8000C5D64 /* NSString+QDExtension.m in Sources */,
				7EF6BAE122390806000C5D64 /* QDTabBarViewController.m in Sources */,
				7EF6BAF8223952EE000C5D64 /* MBProgressHUD+QDExtension.m in Sources */,
				7EF6BACB223906ED000C5D64 /* QDBaseNavViewController.m in Sources */,
				7EF6BB01223A8A48000C5D64 /* UITextField+QDExtension.m in Sources */,
				7EE5DA6B228332A4008C4100 /* QDHomeRow0TableViewCell.m in Sources */,
				7EB809A1225A465700C4629F /* QDDateSelectedView.m in Sources */,
				7EF6BA8C2238F44E000C5D64 /* iOSProject.xcdatamodeld in Sources */,
				7EF6BAFE223A882D000C5D64 /* UITextView+QDExtension.m in Sources */,
				7E8E371F225A5C0B007EC2F4 /* QDNews4TableViewCell.m in Sources */,
				7EF55CA52265B72E00641954 /* QDNewsMainViewController.m in Sources */,
				7EB809792259D6F900C4629F /* QDSelectedView.m in Sources */,
				7EF6BAF322394BFE000C5D64 /* CommonTools.m in Sources */,
				7EF6BB04223A8AD6000C5D64 /* UIButton+QDExtension.m in Sources */,
				7EEAA0B1224B5FF1009B6617 /* QDPushRouteHelper.m in Sources */,
			);
			runOnlyForDeploymentPostprocessing = 0;
		};
		7EF6BA952238F44F000C5D64 /* Sources */ = {
			isa = PBXSourcesBuildPhase;
			buildActionMask = 2147483647;
			files = (
				7EF6BA9E2238F44F000C5D64 /* iOSProjectTests.m in Sources */,
			);
			runOnlyForDeploymentPostprocessing = 0;
		};
		7EF6BAA02238F44F000C5D64 /* Sources */ = {
			isa = PBXSourcesBuildPhase;
			buildActionMask = 2147483647;
			files = (
				7EF6BAA92238F44F000C5D64 /* iOSProjectUITests.m in Sources */,
			);
			runOnlyForDeploymentPostprocessing = 0;
		};
/* End PBXSourcesBuildPhase section */

/* Begin PBXTargetDependency section */
		7EF6BA9B2238F44F000C5D64 /* PBXTargetDependency */ = {
			isa = PBXTargetDependency;
			target = 7EF6BA7D2238F44E000C5D64 /* iOSProject */;
			targetProxy = 7EF6BA9A2238F44F000C5D64 /* PBXContainerItemProxy */;
		};
		7EF6BAA62238F44F000C5D64 /* PBXTargetDependency */ = {
			isa = PBXTargetDependency;
			target = 7EF6BA7D2238F44E000C5D64 /* iOSProject */;
			targetProxy = 7EF6BAA52238F44F000C5D64 /* PBXContainerItemProxy */;
		};
/* End PBXTargetDependency section */

/* Begin PBXVariantGroup section */
		7E498832224218ED00FC87A0 /* QDHomeViewController.xib */ = {
			isa = PBXVariantGroup;
			children = (
				7E498831224218ED00FC87A0 /* Base */,
				7E49883A22421E6500FC87A0 /* en */,
				7E49883E22421EA900FC87A0 /* zh-Hans */,
			);
			name = QDHomeViewController.xib;
			sourceTree = "<group>";
		};
		7E49884222421EBB00FC87A0 /* InfoPlist.strings */ = {
			isa = PBXVariantGroup;
			children = (
				7E49884122421EBB00FC87A0 /* zh-Hans */,
				7E49884322421EBE00FC87A0 /* en */,
			);
			name = InfoPlist.strings;
			sourceTree = "<group>";
		};
		7E49884822421FC200FC87A0 /* Localizable.strings */ = {
			isa = PBXVariantGroup;
			children = (
				7E49884722421FC200FC87A0 /* zh-Hans */,
				7E49884922421FC300FC87A0 /* en */,
			);
			name = Localizable.strings;
			sourceTree = "<group>";
		};
		7EF6BA8F2238F44F000C5D64 /* LaunchScreen.storyboard */ = {
			isa = PBXVariantGroup;
			children = (
				7EF6BA902238F44F000C5D64 /* Base */,
				7E49883B22421E6500FC87A0 /* en */,
				7E49883F22421EAA00FC87A0 /* zh-Hans */,
			);
			name = LaunchScreen.storyboard;
			sourceTree = "<group>";
		};
/* End PBXVariantGroup section */

/* Begin XCBuildConfiguration section */
		7EF6BAAB2238F44F000C5D64 /* Debug */ = {
			isa = XCBuildConfiguration;
			buildSettings = {
				ALWAYS_SEARCH_USER_PATHS = NO;
				CLANG_ANALYZER_LOCALIZABILITY_NONLOCALIZED = YES;
				CLANG_ANALYZER_NONNULL = YES;
				CLANG_ANALYZER_NUMBER_OBJECT_CONVERSION = YES_AGGRESSIVE;
				CLANG_CXX_LANGUAGE_STANDARD = "gnu++14";
				CLANG_CXX_LIBRARY = "libc++";
				CLANG_ENABLE_MODULES = YES;
				CLANG_ENABLE_OBJC_ARC = YES;
				CLANG_ENABLE_OBJC_WEAK = YES;
				CLANG_WARN_BLOCK_CAPTURE_AUTORELEASING = YES;
				CLANG_WARN_BOOL_CONVERSION = YES;
				CLANG_WARN_COMMA = YES;
				CLANG_WARN_CONSTANT_CONVERSION = YES;
				CLANG_WARN_DEPRECATED_OBJC_IMPLEMENTATIONS = YES;
				CLANG_WARN_DIRECT_OBJC_ISA_USAGE = YES_ERROR;
				CLANG_WARN_DOCUMENTATION_COMMENTS = YES;
				CLANG_WARN_EMPTY_BODY = YES;
				CLANG_WARN_ENUM_CONVERSION = YES;
				CLANG_WARN_INFINITE_RECURSION = YES;
				CLANG_WARN_INT_CONVERSION = YES;
				CLANG_WARN_NON_LITERAL_NULL_CONVERSION = YES;
				CLANG_WARN_OBJC_IMPLICIT_RETAIN_SELF = YES;
				CLANG_WARN_OBJC_LITERAL_CONVERSION = YES;
				CLANG_WARN_OBJC_ROOT_CLASS = YES_ERROR;
				CLANG_WARN_RANGE_LOOP_ANALYSIS = YES;
				CLANG_WARN_STRICT_PROTOTYPES = YES;
				CLANG_WARN_SUSPICIOUS_MOVE = YES;
				CLANG_WARN_UNGUARDED_AVAILABILITY = YES_AGGRESSIVE;
				CLANG_WARN_UNREACHABLE_CODE = YES;
				CLANG_WARN__DUPLICATE_METHOD_MATCH = YES;
				CODE_SIGN_IDENTITY = "iPhone Developer";
				COPY_PHASE_STRIP = NO;
				DEBUG_INFORMATION_FORMAT = dwarf;
				ENABLE_STRICT_OBJC_MSGSEND = YES;
				ENABLE_TESTABILITY = YES;
				GCC_C_LANGUAGE_STANDARD = gnu11;
				GCC_DYNAMIC_NO_PIC = NO;
				GCC_NO_COMMON_BLOCKS = YES;
				GCC_OPTIMIZATION_LEVEL = 0;
				GCC_PREPROCESSOR_DEFINITIONS = (
					"DEBUG=1",
					"$(inherited)",
				);
				GCC_WARN_64_TO_32_BIT_CONVERSION = YES;
				GCC_WARN_ABOUT_RETURN_TYPE = YES_ERROR;
				GCC_WARN_UNDECLARED_SELECTOR = YES;
				GCC_WARN_UNINITIALIZED_AUTOS = YES_AGGRESSIVE;
				GCC_WARN_UNUSED_FUNCTION = YES;
				GCC_WARN_UNUSED_VARIABLE = YES;
				IPHONEOS_DEPLOYMENT_TARGET = 12.1;
				MTL_ENABLE_DEBUG_INFO = INCLUDE_SOURCE;
				MTL_FAST_MATH = YES;
				ONLY_ACTIVE_ARCH = YES;
				SDKROOT = iphoneos;
			};
			name = Debug;
		};
		7EF6BAAC2238F44F000C5D64 /* Release */ = {
			isa = XCBuildConfiguration;
			buildSettings = {
				ALWAYS_SEARCH_USER_PATHS = NO;
				CLANG_ANALYZER_LOCALIZABILITY_NONLOCALIZED = YES;
				CLANG_ANALYZER_NONNULL = YES;
				CLANG_ANALYZER_NUMBER_OBJECT_CONVERSION = YES_AGGRESSIVE;
				CLANG_CXX_LANGUAGE_STANDARD = "gnu++14";
				CLANG_CXX_LIBRARY = "libc++";
				CLANG_ENABLE_MODULES = YES;
				CLANG_ENABLE_OBJC_ARC = YES;
				CLANG_ENABLE_OBJC_WEAK = YES;
				CLANG_WARN_BLOCK_CAPTURE_AUTORELEASING = YES;
				CLANG_WARN_BOOL_CONVERSION = YES;
				CLANG_WARN_COMMA = YES;
				CLANG_WARN_CONSTANT_CONVERSION = YES;
				CLANG_WARN_DEPRECATED_OBJC_IMPLEMENTATIONS = YES;
				CLANG_WARN_DIRECT_OBJC_ISA_USAGE = YES_ERROR;
				CLANG_WARN_DOCUMENTATION_COMMENTS = YES;
				CLANG_WARN_EMPTY_BODY = YES;
				CLANG_WARN_ENUM_CONVERSION = YES;
				CLANG_WARN_INFINITE_RECURSION = YES;
				CLANG_WARN_INT_CONVERSION = YES;
				CLANG_WARN_NON_LITERAL_NULL_CONVERSION = YES;
				CLANG_WARN_OBJC_IMPLICIT_RETAIN_SELF = YES;
				CLANG_WARN_OBJC_LITERAL_CONVERSION = YES;
				CLANG_WARN_OBJC_ROOT_CLASS = YES_ERROR;
				CLANG_WARN_RANGE_LOOP_ANALYSIS = YES;
				CLANG_WARN_STRICT_PROTOTYPES = YES;
				CLANG_WARN_SUSPICIOUS_MOVE = YES;
				CLANG_WARN_UNGUARDED_AVAILABILITY = YES_AGGRESSIVE;
				CLANG_WARN_UNREACHABLE_CODE = YES;
				CLANG_WARN__DUPLICATE_METHOD_MATCH = YES;
				CODE_SIGN_IDENTITY = "iPhone Developer";
				COPY_PHASE_STRIP = NO;
				DEBUG_INFORMATION_FORMAT = "dwarf-with-dsym";
				ENABLE_NS_ASSERTIONS = NO;
				ENABLE_STRICT_OBJC_MSGSEND = YES;
				GCC_C_LANGUAGE_STANDARD = gnu11;
				GCC_NO_COMMON_BLOCKS = YES;
				GCC_WARN_64_TO_32_BIT_CONVERSION = YES;
				GCC_WARN_ABOUT_RETURN_TYPE = YES_ERROR;
				GCC_WARN_UNDECLARED_SELECTOR = YES;
				GCC_WARN_UNINITIALIZED_AUTOS = YES_AGGRESSIVE;
				GCC_WARN_UNUSED_FUNCTION = YES;
				GCC_WARN_UNUSED_VARIABLE = YES;
				IPHONEOS_DEPLOYMENT_TARGET = 12.1;
				MTL_ENABLE_DEBUG_INFO = NO;
				MTL_FAST_MATH = YES;
				SDKROOT = iphoneos;
				VALIDATE_PRODUCT = YES;
			};
			name = Release;
		};
		7EF6BAAE2238F44F000C5D64 /* Debug */ = {
			isa = XCBuildConfiguration;
			baseConfigurationReference = 3596FB00105EEC2C8FFC4575 /* Pods-iOSProject.debug.xcconfig */;
			buildSettings = {
				ASSETCATALOG_COMPILER_APPICON_NAME = AppIcon;
				ASSETCATALOG_COMPILER_LAUNCHIMAGE_NAME = LaunchImage;
				CODE_SIGN_STYLE = Automatic;
				DEVELOPMENT_TEAM = 2J5FQ2M7G4;
				ENABLE_BITCODE = YES;
				FRAMEWORK_SEARCH_PATHS = (
					"$(inherited)",
					"$(PROJECT_DIR)/iOSProject/Vender",
				);
				GCC_PREFIX_HEADER = "$(SRCROOT)/iOSProject/Resource/PrefixHeader.pch";
				INFOPLIST_FILE = "$(SRCROOT)/iOSProject/Resource/Info.plist";
				IPHONEOS_DEPLOYMENT_TARGET = 9.0;
				LD_RUNPATH_SEARCH_PATHS = (
					"$(inherited)",
					"@executable_path/Frameworks",
				);
				PRODUCT_BUNDLE_IDENTIFIER = com.hbbdsqd.iOSProject;
				PRODUCT_NAME = "$(TARGET_NAME)";
				TARGETED_DEVICE_FAMILY = 1;
			};
			name = Debug;
		};
		7EF6BAAF2238F44F000C5D64 /* Release */ = {
			isa = XCBuildConfiguration;
			baseConfigurationReference = 4708E70422855E45D239AE8C /* Pods-iOSProject.release.xcconfig */;
			buildSettings = {
				ASSETCATALOG_COMPILER_APPICON_NAME = AppIcon;
				ASSETCATALOG_COMPILER_LAUNCHIMAGE_NAME = LaunchImage;
				CODE_SIGN_STYLE = Automatic;
				DEVELOPMENT_TEAM = 2J5FQ2M7G4;
				ENABLE_BITCODE = YES;
				FRAMEWORK_SEARCH_PATHS = (
					"$(inherited)",
					"$(PROJECT_DIR)/iOSProject/Vender",
				);
				GCC_PREFIX_HEADER = "$(SRCROOT)/iOSProject/Resource/PrefixHeader.pch";
				INFOPLIST_FILE = "$(SRCROOT)/iOSProject/Resource/Info.plist";
				IPHONEOS_DEPLOYMENT_TARGET = 9.0;
				LD_RUNPATH_SEARCH_PATHS = (
					"$(inherited)",
					"@executable_path/Frameworks",
				);
				PRODUCT_BUNDLE_IDENTIFIER = com.hbbdsqd.iOSProject;
				PRODUCT_NAME = "$(TARGET_NAME)";
				TARGETED_DEVICE_FAMILY = 1;
			};
			name = Release;
		};
		7EF6BAB12238F44F000C5D64 /* Debug */ = {
			isa = XCBuildConfiguration;
			buildSettings = {
				BUNDLE_LOADER = "$(TEST_HOST)";
				CODE_SIGN_STYLE = Automatic;
				DEVELOPMENT_TEAM = 2J5FQ2M7G4;
				INFOPLIST_FILE = iOSProjectTests/Info.plist;
				LD_RUNPATH_SEARCH_PATHS = (
					"$(inherited)",
					"@executable_path/Frameworks",
					"@loader_path/Frameworks",
				);
				PRODUCT_BUNDLE_IDENTIFIER = com.hbbdsqd.iOSProjectTests;
				PRODUCT_NAME = "$(TARGET_NAME)";
				TARGETED_DEVICE_FAMILY = "1,2";
				TEST_HOST = "$(BUILT_PRODUCTS_DIR)/iOSProject.app/iOSProject";
			};
			name = Debug;
		};
		7EF6BAB22238F44F000C5D64 /* Release */ = {
			isa = XCBuildConfiguration;
			buildSettings = {
				BUNDLE_LOADER = "$(TEST_HOST)";
				CODE_SIGN_STYLE = Automatic;
				DEVELOPMENT_TEAM = 2J5FQ2M7G4;
				INFOPLIST_FILE = iOSProjectTests/Info.plist;
				LD_RUNPATH_SEARCH_PATHS = (
					"$(inherited)",
					"@executable_path/Frameworks",
					"@loader_path/Frameworks",
				);
				PRODUCT_BUNDLE_IDENTIFIER = com.hbbdsqd.iOSProjectTests;
				PRODUCT_NAME = "$(TARGET_NAME)";
				TARGETED_DEVICE_FAMILY = "1,2";
				TEST_HOST = "$(BUILT_PRODUCTS_DIR)/iOSProject.app/iOSProject";
			};
			name = Release;
		};
		7EF6BAB42238F44F000C5D64 /* Debug */ = {
			isa = XCBuildConfiguration;
			buildSettings = {
				CODE_SIGN_STYLE = Automatic;
				DEVELOPMENT_TEAM = 2J5FQ2M7G4;
				INFOPLIST_FILE = iOSProjectUITests/Info.plist;
				LD_RUNPATH_SEARCH_PATHS = (
					"$(inherited)",
					"@executable_path/Frameworks",
					"@loader_path/Frameworks",
				);
				PRODUCT_BUNDLE_IDENTIFIER = com.hbbdsqd.iOSProjectUITests;
				PRODUCT_NAME = "$(TARGET_NAME)";
				TARGETED_DEVICE_FAMILY = "1,2";
				TEST_TARGET_NAME = iOSProject;
			};
			name = Debug;
		};
		7EF6BAB52238F44F000C5D64 /* Release */ = {
			isa = XCBuildConfiguration;
			buildSettings = {
				CODE_SIGN_STYLE = Automatic;
				DEVELOPMENT_TEAM = 2J5FQ2M7G4;
				INFOPLIST_FILE = iOSProjectUITests/Info.plist;
				LD_RUNPATH_SEARCH_PATHS = (
					"$(inherited)",
					"@executable_path/Frameworks",
					"@loader_path/Frameworks",
				);
				PRODUCT_BUNDLE_IDENTIFIER = com.hbbdsqd.iOSProjectUITests;
				PRODUCT_NAME = "$(TARGET_NAME)";
				TARGETED_DEVICE_FAMILY = "1,2";
				TEST_TARGET_NAME = iOSProject;
			};
			name = Release;
		};
/* End XCBuildConfiguration section */

/* Begin XCConfigurationList section */
		7EF6BA792238F44E000C5D64 /* Build configuration list for PBXProject "iOSProject" */ = {
			isa = XCConfigurationList;
			buildConfigurations = (
				7EF6BAAB2238F44F000C5D64 /* Debug */,
				7EF6BAAC2238F44F000C5D64 /* Release */,
			);
			defaultConfigurationIsVisible = 0;
			defaultConfigurationName = Release;
		};
		7EF6BAAD2238F44F000C5D64 /* Build configuration list for PBXNativeTarget "iOSProject" */ = {
			isa = XCConfigurationList;
			buildConfigurations = (
				7EF6BAAE2238F44F000C5D64 /* Debug */,
				7EF6BAAF2238F44F000C5D64 /* Release */,
			);
			defaultConfigurationIsVisible = 0;
			defaultConfigurationName = Release;
		};
		7EF6BAB02238F44F000C5D64 /* Build configuration list for PBXNativeTarget "iOSProjectTests" */ = {
			isa = XCConfigurationList;
			buildConfigurations = (
				7EF6BAB12238F44F000C5D64 /* Debug */,
				7EF6BAB22238F44F000C5D64 /* Release */,
			);
			defaultConfigurationIsVisible = 0;
			defaultConfigurationName = Release;
		};
		7EF6BAB32238F44F000C5D64 /* Build configuration list for PBXNativeTarget "iOSProjectUITests" */ = {
			isa = XCConfigurationList;
			buildConfigurations = (
				7EF6BAB42238F44F000C5D64 /* Debug */,
				7EF6BAB52238F44F000C5D64 /* Release */,
			);
			defaultConfigurationIsVisible = 0;
			defaultConfigurationName = Release;
		};
/* End XCConfigurationList section */

/* Begin XCVersionGroup section */
		7EF6BA8A2238F44E000C5D64 /* iOSProject.xcdatamodeld */ = {
			isa = XCVersionGroup;
			children = (
				7EF6BA8B2238F44E000C5D64 /* iOSProject.xcdatamodel */,
			);
			currentVersion = 7EF6BA8B2238F44E000C5D64 /* iOSProject.xcdatamodel */;
			path = iOSProject.xcdatamodeld;
			sourceTree = "<group>";
			versionGroupType = wrapper.xcdatamodel;
		};
/* End XCVersionGroup section */
	};
	rootObject = 7EF6BA762238F44E000C5D64 /* Project object */;
}
