PODS:
  - AFNetworking (3.2.1):
    - AFNetworking/NSURLSession (= 3.2.1)
    - AFNetworking/Reachability (= 3.2.1)
    - AFNetworking/Security (= 3.2.1)
    - AFNetworking/Serialization (= 3.2.1)
    - AFNetworking/UIKit (= 3.2.1)
  - AFNetworking/NSURLSession (3.2.1):
    - AFNetworking/Reachability
    - AFNetworking/Security
    - AFNetworking/Serialization
  - AFNetworking/Reachability (3.2.1)
  - AFNetworking/Security (3.2.1)
  - AFNetworking/Serialization (3.2.1)
  - AFNetworking/UIKit (3.2.1):
    - AFNetworking/NSURLSession
  - BaiduMapKit (4.3.0)
  - DACircularProgress (2.3.1)
  - FMDB (2.7.5):
    - FMDB/standard (= 2.7.5)
  - FMDB/standard (2.7.5)
  - IQKeyboardManager (6.2.1)
  - KSYMediaPlayer (3.0.4)
  - Masonry (1.1.0)
  - MBProgressHUD (0.9.2)
  - MJExtension (3.0.16)
  - MJRefresh (3.1.16)
  - mob_sharesdk (4.2.4):
    - mob_sharesdk/ShareSDK (= 4.2.4)
    - MOBFoundation
  - mob_sharesdk/ShareSDK (4.2.4):
    - MOBFoundation
  - mob_sharesdk/ShareSDKPlatforms/WeChat (4.2.4):
    - mob_sharesdk/ShareSDK
    - MOBFoundation
  - mob_sharesdk/ShareSDKUI (4.2.4):
    - mob_sharesdk/ShareSDK
    - MOBFoundation
  - MOBFoundation (3.2.2)
  - MWPhotoBrowser (2.1.2):
    - DACircularProgress (~> 2.3)
    - MBProgressHUD (~> 0.9)
    - "SDWebImage (!= 3.7.2, ~> 3.7)"
  - OpenUDID (1.0.0)
  - RDVTabBarController (1.2.0)
  - Reachability (3.2)
  - SDWebImage (3.8.2):
    - SDWebImage/Core (= 3.8.2)
  - SDWebImage/Core (3.8.2)
  - ZFPlayer/ControlView (3.2.7):
    - ZFPlayer/Core
  - ZFPlayer/Core (3.2.7)
  - ZFPlayer/KSYMediaPlayer (3.2.7):
    - KSYMediaPlayer
    - ZFPlayer/Core

DEPENDENCIES:
  - AFNetworking
  - BaiduMapKit
  - FMDB
  - IQKeyboardManager
  - Masonry
  - MBProgressHUD
  - MJExtension
  - MJRefresh
  - mob_sharesdk
  - mob_sharesdk/ShareSDKPlatforms/WeChat
  - mob_sharesdk/ShareSDKUI
  - MWPhotoBrowser
  - OpenUDID (~> 1.0.0)
  - RDVTabBarController
  - Reachability
  - SDWebImage
  - ZFPlayer/ControlView
  - ZFPlayer/KSYMediaPlayer

SPEC REPOS:
  https://github.com/cocoapods/specs.git:
    - AFNetworking
    - BaiduMapKit
    - DACircularProgress
    - FMDB
    - IQKeyboardManager
    - KSYMediaPlayer
    - Masonry
    - MBProgressHUD
    - MJExtension
    - MJRefresh
    - mob_sharesdk
    - MOBFoundation
    - MWPhotoBrowser
    - OpenUDID
    - RDVTabBarController
    - Reachability
    - SDWebImage
    - ZFPlayer

SPEC CHECKSUMS:
  AFNetworking: b6f891fdfaed196b46c7a83cf209e09697b94057
  BaiduMapKit: 63575d9236b4112c4ff76391df637f2a6dc1ada8
  DACircularProgress: 4dd437c0fc3da5161cb289e07ac449493d41db71
  FMDB: 2ce00b547f966261cd18927a3ddb07cb6f3db82a
  IQKeyboardManager: 964638372b4a61892cc74fdfa6fd26de8c9464a2
  KSYMediaPlayer: 795fad3638981904805bec260898f805fb36c1c5
  Masonry: 678fab65091a9290e40e2832a55e7ab731aad201
  MBProgressHUD: 1569cf7ace17a8bac47aabfbb8580a49690386d1
  MJExtension: 54dbbf6ee728f1a88e9aad904353d007831c7847
  MJRefresh: 7798e16e53a5ef7f332dd05b27664db4e29530fd
  mob_sharesdk: 9797e05209dce16507be7797141f523daa033f76
  MOBFoundation: b5ff4038ddb9a0f06b685b86408f905a10aa147c
  MWPhotoBrowser: 5836d7aa041dc05a13de380c246826578adc5ea5
  OpenUDID: e7cb6984c7304906ad20f3a36bf087b025896b6b
  RDVTabBarController: b6d63a7fc49b00568ba07255c6171edc737ad833
  Reachability: 33e18b67625424e47b6cde6d202dce689ad7af96
  SDWebImage: 098e97e6176540799c27e804c96653ee0833d13c
  ZFPlayer: 0e68a0ac28dbd8587418cc573e826305e1f5bb38

PODFILE CHECKSUM: 06daefe77d844a3a5646626972c8eff92e5516d4

COCOAPODS: 1.5.3
